// !$*UTF8*$!
{
	archiveVersion = 1;
	classes = {
	};
	objectVersion = 52;
	objects = {

/* Begin PBXBuildFile section */
		8C4C079DF81264B9416EF21B /* libbx.a in Frameworks */ = {isa = PBXBuildFile; fileRef = 9BDB7E8E87EE7EE730D85BD4 /* libbx.a */; };
		962FE2720217CD680B05CFE4 /* libbimg.a in Frameworks */ = {isa = PBXBuildFile; fileRef = E5B72EF7D14B249F3A107E53 /* libbimg.a */; };
		B90335D6291BE323003184CF /* App.xcassets in Resources */ = {isa = PBXBuildFile; fileRef = B90335D5291BE323003184CF /* App.xcassets */; };
		B90447D129476E3300CB6494 /* libz.tbd in Frameworks */ = {isa = PBXBuildFile; fileRef = B90447D029476E3300CB6494 /* libz.tbd */; };
		B906776F2919C19200E5D8FF /* libimgui.a in Frameworks */ = {isa = PBXBuildFile; fileRef = B906776C2919C17F00E5D8FF /* libimgui.a */; };
		B9227E0B291A96900037FAE2 /* libglfw3.a in Frameworks */ = {isa = PBXBuildFile; fileRef = B9227E00291A95390037FAE2 /* libglfw3.a */; };
		B929C1332939136E00AEE333 /* libcurl.tbd in Frameworks */ = {isa = PBXBuildFile; fileRef = B929C1322939136E00AEE333 /* libcurl.tbd */; };
		B93AD6D829846616005F2016 /* wallet.cpp in Sources */ = {isa = PBXBuildFile; fileRef = B93AD6D729846604005F2016 /* wallet.cpp */; };
		B94CB934298D51F300C8129E /* logo.cpp in Sources */ = {isa = PBXBuildFile; fileRef = B94CB932298D51F200C8129E /* logo.cpp */; };
		B94CB936298D521200C8129E /* generics_tests.cpp in Sources */ = {isa = PBXBuildFile; fileRef = B94CB935298D521200C8129E /* generics_tests.cpp */; };
		B94CB93D298D528F00C8129E /* stb.c in Sources */ = {isa = PBXBuildFile; fileRef = B94CB939298D528F00C8129E /* stb.c */; };
		B94CBE9B297AFC3700575D12 /* varying.def.sc in Resources */ = {isa = PBXBuildFile; fileRef = B94CBE93297AFC3700575D12 /* varying.def.sc */; };
		B96DB0C7297AD0BC00374F96 /* test_runner.cpp in Sources */ = {isa = PBXBuildFile; fileRef = B96DB0C6297AD0BC00374F96 /* test_runner.cpp */; };
		B9953AD2297AFB81006A8390 /* shared_mutex.cpp in Sources */ = {isa = PBXBuildFile; fileRef = B9953AA9297AFB81006A8390 /* shared_mutex.cpp */; };
		B9953AD3297AFB81006A8390 /* query_mock.cpp in Sources */ = {isa = PBXBuildFile; fileRef = B9953AAA297AFB81006A8390 /* query_mock.cpp */; };
		B9953AD4297AFB81006A8390 /* boot.cpp in Sources */ = {isa = PBXBuildFile; fileRef = B9953AAB297AFB81006A8390 /* boot.cpp */; };
		B9953AD5297AFB81006A8390 /* common.cpp in Sources */ = {isa = PBXBuildFile; fileRef = B9953AAC297AFB81006A8390 /* common.cpp */; };
		B9953AD6297AFB81006A8390 /* query.cpp in Sources */ = {isa = PBXBuildFile; fileRef = B9953AAE297AFB81006A8390 /* query.cpp */; };
		B9953AD7297AFB81006A8390 /* common.mm in Sources */ = {isa = PBXBuildFile; fileRef = B9953AB0297AFB81006A8390 /* common.mm */; };
		B9953AD8297AFB81006A8390 /* profiler.cpp in Sources */ = {isa = PBXBuildFile; fileRef = B9953AB2297AFB81006A8390 /* profiler.cpp */; };
		B9953AD9297AFB81006A8390 /* table.cpp in Sources */ = {isa = PBXBuildFile; fileRef = B9953AB4297AFB81006A8390 /* table.cpp */; };
		B9953ADA297AFB81006A8390 /* jobs.cpp in Sources */ = {isa = PBXBuildFile; fileRef = B9953AB7297AFB81006A8390 /* jobs.cpp */; };
		B9953ADC297AFB81006A8390 /* option.cpp in Sources */ = {isa = PBXBuildFile; fileRef = B9953ABC297AFB81006A8390 /* option.cpp */; };
		B9953ADD297AFB81006A8390 /* session.cpp in Sources */ = {isa = PBXBuildFile; fileRef = B9953ABE297AFB81006A8390 /* session.cpp */; };
		B9953ADE297AFB81006A8390 /* service.cpp in Sources */ = {isa = PBXBuildFile; fileRef = B9953AC1297AFB81006A8390 /* service.cpp */; };
		B9953ADF297AFB81006A8390 /* query_json.cpp in Sources */ = {isa = PBXBuildFile; fileRef = B9953AC3297AFB81006A8390 /* query_json.cpp */; };
		B9953AE0297AFB81006A8390 /* dispatcher.cpp in Sources */ = {isa = PBXBuildFile; fileRef = B9953AC4297AFB81006A8390 /* dispatcher.cpp */; };
		B9953AE1297AFB81006A8390 /* config.cpp in Sources */ = {isa = PBXBuildFile; fileRef = B9953AC5297AFB81006A8390 /* config.cpp */; };
		B9953AE2297AFB81006A8390 /* string_table.cpp in Sources */ = {isa = PBXBuildFile; fileRef = B9953AC8297AFB81006A8390 /* string_table.cpp */; };
		B9953AE3297AFB81006A8390 /* progress.cpp in Sources */ = {isa = PBXBuildFile; fileRef = B9953ACC297AFB81006A8390 /* progress.cpp */; };
		B9953AE5297AFB81006A8390 /* tabs.cpp in Sources */ = {isa = PBXBuildFile; fileRef = B9953ACE297AFB81006A8390 /* tabs.cpp */; };
		B99EB7552919AF5100003D30 /* libfoundation.a in Frameworks */ = {isa = PBXBuildFile; fileRef = B9C68A082918AB0500C585E1 /* libfoundation.a */; };
		B99EB7572919AFE000003D30 /* JetBrainsMono-ExtraLight.ttf in Resources */ = {isa = PBXBuildFile; fileRef = B9C6887129189FF200C585E1 /* JetBrainsMono-ExtraLight.ttf */; };
		B9C6887029189EF400C585E1 /* main.ico in Resources */ = {isa = PBXBuildFile; fileRef = B9C6886F29189EF400C585E1 /* main.ico */; };
		B9C6887429189FF200C585E1 /* MaterialIcons-Regular.ttf in Resources */ = {isa = PBXBuildFile; fileRef = B9C6887229189FF200C585E1 /* MaterialIcons-Regular.ttf */; };
		B9C689422918A7E300C585E1 /* mnyfmt.c in Sources */ = {isa = PBXBuildFile; fileRef = B9C689212918A7E300C585E1 /* mnyfmt.c */; };
		B9C689492918A7E300C585E1 /* settings.cpp in Sources */ = {isa = PBXBuildFile; fileRef = B9C689312918A7E300C585E1 /* settings.cpp */; };
		B9C6894A2918A7E300C585E1 /* app.cpp in Sources */ = {isa = PBXBuildFile; fileRef = B9C689322918A7E300C585E1 /* app.cpp */; };
		B9CF9DA529845B93006AF271 /* math.cpp in Sources */ = {isa = PBXBuildFile; fileRef = B9CF9D9A29845B93006AF271 /* math.cpp */; };
		B9CF9DA629845B93006AF271 /* console.cpp in Sources */ = {isa = PBXBuildFile; fileRef = B9CF9D9B29845B93006AF271 /* console.cpp */; };
		B9CF9DA729845B93006AF271 /* expr.cpp in Sources */ = {isa = PBXBuildFile; fileRef = B9CF9D9C29845B93006AF271 /* expr.cpp */; };
		B9CF9DA829845B93006AF271 /* imgui.cpp in Sources */ = {isa = PBXBuildFile; fileRef = B9CF9D9E29845B93006AF271 /* imgui.cpp */; };
		B9CF9DA929845B93006AF271 /* glfw.cpp in Sources */ = {isa = PBXBuildFile; fileRef = B9CF9DA029845B93006AF271 /* glfw.cpp */; };
		B9CF9DAA29845B93006AF271 /* expr_math.cpp in Sources */ = {isa = PBXBuildFile; fileRef = B9CF9DA129845B93006AF271 /* expr_math.cpp */; };
		B9CF9DBB29845BF4006AF271 /* bulk.cpp in Sources */ = {isa = PBXBuildFile; fileRef = B9CF9DAB29845BF4006AF271 /* bulk.cpp */; };
		B9CF9DBC29845BF4006AF271 /* report.cpp in Sources */ = {isa = PBXBuildFile; fileRef = B9CF9DAE29845BF4006AF271 /* report.cpp */; };
		B9CF9DBD29845BF4006AF271 /* report_expr.cpp in Sources */ = {isa = PBXBuildFile; fileRef = B9CF9DAF29845BF4006AF271 /* report_expr.cpp */; };
		B9CF9DBE29845BF4006AF271 /* reportgraph.cpp in Sources */ = {isa = PBXBuildFile; fileRef = B9CF9DB029845BF4006AF271 /* reportgraph.cpp */; };
		B9CF9DBF29845BF4006AF271 /* stock.cpp in Sources */ = {isa = PBXBuildFile; fileRef = B9CF9DB129845BF4006AF271 /* stock.cpp */; };
		B9CF9DC029845BF4006AF271 /* eod.cpp in Sources */ = {isa = PBXBuildFile; fileRef = B9CF9DB229845BF4006AF271 /* eod.cpp */; };
		B9CF9DC129845BF4006AF271 /* pattern.cpp in Sources */ = {isa = PBXBuildFile; fileRef = B9CF9DB429845BF4006AF271 /* pattern.cpp */; };
		B9CF9DC229845BF4006AF271 /* symbols.cpp in Sources */ = {isa = PBXBuildFile; fileRef = B9CF9DB829845BF4006AF271 /* symbols.cpp */; };
		B9CF9DC329845BF4006AF271 /* title.cpp in Sources */ = {isa = PBXBuildFile; fileRef = B9CF9DBA29845BF4006AF271 /* title.cpp */; };
		B9E3775E295505FE00A0CC0A /* libpthread.tbd in Frameworks */ = {isa = PBXBuildFile; fileRef = B9E3775D295505FE00A0CC0A /* libpthread.tbd */; };
		B9FF98FA296C56E800F966DD /* config_tests.cpp in Sources */ = {isa = PBXBuildFile; fileRef = B9FF98F4296C56E800F966DD /* config_tests.cpp */; };
		B9FF98FB296C56E800F966DD /* imgui_tests.cpp in Sources */ = {isa = PBXBuildFile; fileRef = B9FF98F5296C56E800F966DD /* imgui_tests.cpp */; };
		B9FF98FD296C56E800F966DD /* test_utils.cpp in Sources */ = {isa = PBXBuildFile; fileRef = B9FF98F8296C56E800F966DD /* test_utils.cpp */; };
		B9FF98FE296C56E800F966DD /* boot_tests.cpp in Sources */ = {isa = PBXBuildFile; fileRef = B9FF98F9296C56E800F966DD /* boot_tests.cpp */; };
		D507F9C1414359854A38D614 /* libbgfx.a in Frameworks */ = {isa = PBXBuildFile; fileRef = C45DDF7DB0C5A54B1931BA61 /* libbgfx.a */; };
/* End PBXBuildFile section */

/* Begin PBXBuildRule section */
		B94CA78F291C2FEA0022AA37 /* PBXBuildRule */ = {
			isa = PBXBuildRule;
			compilerSpec = com.apple.compilers.proxy.script;
			filePatterns = "*.vsc";
			fileType = pattern.proxy;
			inputFiles = (
				"$(INPUT_FILE_DIR)/infineis.sc",
				"$(INPUT_FILE_DIR)/varying.def.sc",
			);
			isEditable = 1;
			name = "Vertex Shader Compilation";
			outputFiles = (
				"$(INPUT_FILE_DIR)/generated/vs_${INPUT_FILE_BASE}.metal.h",
			);
			script = "../../tools/osx/shaderc --type vertex --platform osx -p metal -i ../../external/bgfx/src/ -i ./  --varyingdef ../../sources/shaders/varying.def.sc -f ${INPUT_FILE_PATH} --bin2c vs_${INPUT_FILE_BASE}_metal -o ${INPUT_FILE_DIR}/generated/vs_${INPUT_FILE_BASE}.metal.h\n";
		};
		B94CA792291C378F0022AA37 /* PBXBuildRule */ = {
			isa = PBXBuildRule;
			compilerSpec = com.apple.compilers.proxy.script;
			filePatterns = "*.fsc";
			fileType = pattern.proxy;
			inputFiles = (
				"$(INPUT_FILE_DIR)/varying.def.sc",
				"$(INPUT_FILE_DIR)/infineis.sc",
			);
			isEditable = 1;
			name = "Fragment Shader Compilation";
			outputFiles = (
				"$(INPUT_FILE_DIR)/generated/fs_${INPUT_FILE_BASE}.metal.h",
			);
			script = "../../tools/osx/shaderc --type fragment --platform osx -p metal -i ../../external/bgfx/src/ --varyingdef ../../sources/shaders/varying.def.sc -f ${INPUT_FILE_PATH} --bin2c fs_${INPUT_FILE_BASE}_metal -o ${INPUT_FILE_DIR}/generated/fs_${INPUT_FILE_BASE}.metal.h\n";
		};
/* End PBXBuildRule section */

/* Begin PBXContainerItemProxy section */
		172A21F20395E1FDACB04663 /* PBXContainerItemProxy */ = {
			isa = PBXContainerItemProxy;
			containerPortal = 42B8D81D2EF78299D7795FCB /* bgfx.xcodeproj */;
			proxyType = 1;
			remoteGlobalIDString = A853C66B944DEFBD7DBA85CE;
			remoteInfo = libbgfxDebug.a;
		};
		2E27B3FD1A927309C3ADD86E /* PBXContainerItemProxy */ = {
			isa = PBXContainerItemProxy;
			containerPortal = 8AD7BCA17616671D1F99434F /* bimg.xcodeproj */;
			proxyType = 2;
			remoteGlobalIDString = 5ACAB1E8C601FA7FCF0B5EA3;
			remoteInfo = libbimgDebug.a;
		};
		7D5DF3B269C8B3BE12E41824 /* PBXContainerItemProxy */ = {
			isa = PBXContainerItemProxy;
			containerPortal = 42B8D81D2EF78299D7795FCB /* bgfx.xcodeproj */;
			proxyType = 2;
			remoteGlobalIDString = 02DC17D86E13606F771DC492;
			remoteInfo = libbgfxDebug.a;
		};
		805D0A986C32524B95E19147 /* PBXContainerItemProxy */ = {
			isa = PBXContainerItemProxy;
			containerPortal = 856853C47111BBF39AA7D672 /* bx.xcodeproj */;
			proxyType = 2;
			remoteGlobalIDString = D5D335834140F17D0A3489DB;
			remoteInfo = libbxDebug.a;
		};
		B906776B2919C17F00E5D8FF /* PBXContainerItemProxy */ = {
			isa = PBXContainerItemProxy;
			containerPortal = B90677672919C17F00E5D8FF /* imgui.xcodeproj */;
			proxyType = 2;
			remoteGlobalIDString = D5D335834140F17D0A34811A;
			remoteInfo = imgui;
		};
		B906776D2919C18A00E5D8FF /* PBXContainerItemProxy */ = {
			isa = PBXContainerItemProxy;
			containerPortal = B90677672919C17F00E5D8FF /* imgui.xcodeproj */;
			proxyType = 1;
			remoteGlobalIDString = 1B1D4BC607ACD48FB0CAE11A;
			remoteInfo = imgui;
		};
		B9192A4F29197979002228F4 /* PBXContainerItemProxy */ = {
			isa = PBXContainerItemProxy;
			containerPortal = B9C68A032918AB0500C585E1 /* foundation.xcodeproj */;
			proxyType = 1;
			remoteGlobalIDString = 1B1D4BC607ACD48FB0CAEFA1;
			remoteInfo = foundation;
		};
		B9C68A072918AB0500C585E1 /* PBXContainerItemProxy */ = {
			isa = PBXContainerItemProxy;
			containerPortal = B9C68A032918AB0500C585E1 /* foundation.xcodeproj */;
			proxyType = 2;
			remoteGlobalIDString = D5D335834140F17D0A348FA1;
			remoteInfo = foundation;
		};
		C8F3E03CB45EA1485D7A06AE /* PBXContainerItemProxy */ = {
			isa = PBXContainerItemProxy;
			containerPortal = 8AD7BCA17616671D1F99434F /* bimg.xcodeproj */;
			proxyType = 1;
			remoteGlobalIDString = 00D72F0FECD05861D53DEF71;
			remoteInfo = libbimgDebug.a;
		};
		DA95C463C66A0C17EF194C13 /* PBXContainerItemProxy */ = {
			isa = PBXContainerItemProxy;
			containerPortal = 856853C47111BBF39AA7D672 /* bx.xcodeproj */;
			proxyType = 1;
			remoteGlobalIDString = 1B1D4BC607ACD48FB0CAE88A;
			remoteInfo = libbxDebug.a;
		};
/* End PBXContainerItemProxy section */

/* Begin PBXFileReference section */
		42B8D81D2EF78299D7795FCB /* bgfx.xcodeproj */ = {isa = PBXFileReference; lastKnownFileType = "wrapper.pb-project"; path = bgfx.xcodeproj; sourceTree = SOURCE_ROOT; };
		856853C47111BBF39AA7D672 /* bx.xcodeproj */ = {isa = PBXFileReference; lastKnownFileType = "wrapper.pb-project"; path = bx.xcodeproj; sourceTree = SOURCE_ROOT; };
		8AD7BCA17616671D1F99434F /* bimg.xcodeproj */ = {isa = PBXFileReference; lastKnownFileType = "wrapper.pb-project"; path = bimg.xcodeproj; sourceTree = SOURCE_ROOT; };
		B90335D5291BE323003184CF /* App.xcassets */ = {isa = PBXFileReference; lastKnownFileType = folder.assetcatalog; path = App.xcassets; sourceTree = "<group>"; };
		B90447D029476E3300CB6494 /* libz.tbd */ = {isa = PBXFileReference; lastKnownFileType = "sourcecode.text-based-dylib-definition"; name = libz.tbd; path = usr/lib/libz.tbd; sourceTree = SDKROOT; };
		B90677672919C17F00E5D8FF /* imgui.xcodeproj */ = {isa = PBXFileReference; lastKnownFileType = "wrapper.pb-project"; path = imgui.xcodeproj; sourceTree = SOURCE_ROOT; };
		B9227DF8291A95390037FAE2 /* LICENSE.md */ = {isa = PBXFileReference; fileEncoding = 4; lastKnownFileType = net.daringfireball.markdown; path = LICENSE.md; sourceTree = "<group>"; };
		B9227DFD291A95390037FAE2 /* glfw3.h */ = {isa = PBXFileReference; fileEncoding = 4; lastKnownFileType = sourcecode.c.h; path = glfw3.h; sourceTree = "<group>"; };
		B9227DFE291A95390037FAE2 /* glfw3native.h */ = {isa = PBXFileReference; fileEncoding = 4; lastKnownFileType = sourcecode.c.h; path = glfw3native.h; sourceTree = "<group>"; };
		B9227E00291A95390037FAE2 /* libglfw3.a */ = {isa = PBXFileReference; lastKnownFileType = archive.ar; path = libglfw3.a; sourceTree = "<group>"; };
		B9227E02291A95390037FAE2 /* glfw3.lib */ = {isa = PBXFileReference; lastKnownFileType = archive.ar; path = glfw3.lib; sourceTree = "<group>"; };
		B929C1322939136E00AEE333 /* libcurl.tbd */ = {isa = PBXFileReference; lastKnownFileType = "sourcecode.text-based-dylib-definition"; name = libcurl.tbd; path = usr/lib/libcurl.tbd; sourceTree = SDKROOT; };
		B93AD6D629846604005F2016 /* wallet.h */ = {isa = PBXFileReference; lastKnownFileType = sourcecode.c.h; path = wallet.h; sourceTree = "<group>"; };
		B93AD6D729846604005F2016 /* wallet.cpp */ = {isa = PBXFileReference; lastKnownFileType = sourcecode.cpp.cpp; path = wallet.cpp; sourceTree = "<group>"; };
		B94CB932298D51F200C8129E /* logo.cpp */ = {isa = PBXFileReference; fileEncoding = 4; lastKnownFileType = sourcecode.cpp.cpp; path = logo.cpp; sourceTree = "<group>"; };
		B94CB933298D51F200C8129E /* logo.h */ = {isa = PBXFileReference; fileEncoding = 4; lastKnownFileType = sourcecode.c.h; path = logo.h; sourceTree = "<group>"; };
		B94CB935298D521200C8129E /* generics_tests.cpp */ = {isa = PBXFileReference; fileEncoding = 4; lastKnownFileType = sourcecode.cpp.cpp; path = generics_tests.cpp; sourceTree = "<group>"; };
		B94CB938298D528F00C8129E /* stb_truetype.h */ = {isa = PBXFileReference; fileEncoding = 4; lastKnownFileType = sourcecode.c.h; name = stb_truetype.h; path = stb/stb_truetype.h; sourceTree = "<group>"; };
		B94CB939298D528F00C8129E /* stb.c */ = {isa = PBXFileReference; fileEncoding = 4; lastKnownFileType = sourcecode.c.c; name = stb.c; path = stb/stb.c; sourceTree = "<group>"; };
		B94CB93A298D528F00C8129E /* stb_textedit.h */ = {isa = PBXFileReference; fileEncoding = 4; lastKnownFileType = sourcecode.c.h; name = stb_textedit.h; path = stb/stb_textedit.h; sourceTree = "<group>"; };
		B94CB93B298D528F00C8129E /* stb_image.h */ = {isa = PBXFileReference; fileEncoding = 4; lastKnownFileType = sourcecode.c.h; name = stb_image.h; path = stb/stb_image.h; sourceTree = "<group>"; };
		B94CB93C298D528F00C8129E /* stb_rect_pack.h */ = {isa = PBXFileReference; fileEncoding = 4; lastKnownFileType = sourcecode.c.h; name = stb_rect_pack.h; path = stb/stb_rect_pack.h; sourceTree = "<group>"; };
		B94CBE93297AFC3700575D12 /* varying.def.sc */ = {isa = PBXFileReference; explicitFileType = sourcecode.glsl; fileEncoding = 4; path = varying.def.sc; sourceTree = "<group>"; };
		B96DB0C6297AD0BC00374F96 /* test_runner.cpp */ = {isa = PBXFileReference; fileEncoding = 4; lastKnownFileType = sourcecode.cpp.cpp; path = test_runner.cpp; sourceTree = "<group>"; };
		B9953AA7297AFB81006A8390 /* jobs.h */ = {isa = PBXFileReference; fileEncoding = 4; lastKnownFileType = sourcecode.c.h; path = jobs.h; sourceTree = "<group>"; };
		B9953AA8297AFB81006A8390 /* progress.h */ = {isa = PBXFileReference; fileEncoding = 4; lastKnownFileType = sourcecode.c.h; path = progress.h; sourceTree = "<group>"; };
		B9953AA9297AFB81006A8390 /* shared_mutex.cpp */ = {isa = PBXFileReference; fileEncoding = 4; lastKnownFileType = sourcecode.cpp.cpp; path = shared_mutex.cpp; sourceTree = "<group>"; };
		B9953AAA297AFB81006A8390 /* query_mock.cpp */ = {isa = PBXFileReference; fileEncoding = 4; lastKnownFileType = sourcecode.cpp.cpp; path = query_mock.cpp; sourceTree = "<group>"; };
		B9953AAB297AFB81006A8390 /* boot.cpp */ = {isa = PBXFileReference; fileEncoding = 4; lastKnownFileType = sourcecode.cpp.cpp; path = boot.cpp; sourceTree = "<group>"; };
		B9953AAC297AFB81006A8390 /* common.cpp */ = {isa = PBXFileReference; fileEncoding = 4; lastKnownFileType = sourcecode.cpp.cpp; path = common.cpp; sourceTree = "<group>"; };
		B9953AAD297AFB81006A8390 /* generics.h */ = {isa = PBXFileReference; fileEncoding = 4; lastKnownFileType = sourcecode.c.h; path = generics.h; sourceTree = "<group>"; };
		B9953AAE297AFB81006A8390 /* query.cpp */ = {isa = PBXFileReference; fileEncoding = 4; lastKnownFileType = sourcecode.cpp.cpp; path = query.cpp; sourceTree = "<group>"; };
		B9953AAF297AFB81006A8390 /* shared_mutex.h */ = {isa = PBXFileReference; fileEncoding = 4; lastKnownFileType = sourcecode.c.h; path = shared_mutex.h; sourceTree = "<group>"; };
		B9953AB0297AFB81006A8390 /* common.mm */ = {isa = PBXFileReference; fileEncoding = 4; lastKnownFileType = sourcecode.cpp.objcpp; path = common.mm; sourceTree = "<group>"; };
		B9953AB1297AFB81006A8390 /* query.h */ = {isa = PBXFileReference; fileEncoding = 4; lastKnownFileType = sourcecode.c.h; path = query.h; sourceTree = "<group>"; };
		B9953AB2297AFB81006A8390 /* profiler.cpp */ = {isa = PBXFileReference; fileEncoding = 4; lastKnownFileType = sourcecode.cpp.cpp; path = profiler.cpp; sourceTree = "<group>"; };
		B9953AB3297AFB81006A8390 /* config.h */ = {isa = PBXFileReference; fileEncoding = 4; lastKnownFileType = sourcecode.c.h; path = config.h; sourceTree = "<group>"; };
		B9953AB4297AFB81006A8390 /* table.cpp */ = {isa = PBXFileReference; fileEncoding = 4; lastKnownFileType = sourcecode.cpp.cpp; path = table.cpp; sourceTree = "<group>"; };
		B9953AB5297AFB81006A8390 /* service.h */ = {isa = PBXFileReference; fileEncoding = 4; lastKnownFileType = sourcecode.c.h; path = service.h; sourceTree = "<group>"; };
		B9953AB6297AFB81006A8390 /* scoped_string.h */ = {isa = PBXFileReference; fileEncoding = 4; lastKnownFileType = sourcecode.c.h; path = scoped_string.h; sourceTree = "<group>"; };
		B9953AB7297AFB81006A8390 /* jobs.cpp */ = {isa = PBXFileReference; fileEncoding = 4; lastKnownFileType = sourcecode.cpp.cpp; path = jobs.cpp; sourceTree = "<group>"; };
		B9953ABA297AFB81006A8390 /* dispatcher.h */ = {isa = PBXFileReference; fileEncoding = 4; lastKnownFileType = sourcecode.c.h; path = dispatcher.h; sourceTree = "<group>"; };
		B9953ABB297AFB81006A8390 /* option.h */ = {isa = PBXFileReference; fileEncoding = 4; lastKnownFileType = sourcecode.c.h; path = option.h; sourceTree = "<group>"; };
		B9953ABC297AFB81006A8390 /* option.cpp */ = {isa = PBXFileReference; fileEncoding = 4; lastKnownFileType = sourcecode.cpp.cpp; path = option.cpp; sourceTree = "<group>"; };
		B9953ABD297AFB81006A8390 /* session.h */ = {isa = PBXFileReference; fileEncoding = 4; lastKnownFileType = sourcecode.c.h; path = session.h; sourceTree = "<group>"; };
		B9953ABE297AFB81006A8390 /* session.cpp */ = {isa = PBXFileReference; fileEncoding = 4; lastKnownFileType = sourcecode.cpp.cpp; path = session.cpp; sourceTree = "<group>"; };
		B9953ABF297AFB81006A8390 /* string_table.h */ = {isa = PBXFileReference; fileEncoding = 4; lastKnownFileType = sourcecode.c.h; path = string_table.h; sourceTree = "<group>"; };
		B9953AC0297AFB81006A8390 /* common.h */ = {isa = PBXFileReference; fileEncoding = 4; lastKnownFileType = sourcecode.c.h; path = common.h; sourceTree = "<group>"; };
		B9953AC1297AFB81006A8390 /* service.cpp */ = {isa = PBXFileReference; fileEncoding = 4; lastKnownFileType = sourcecode.cpp.cpp; path = service.cpp; sourceTree = "<group>"; };
		B9953AC2297AFB81006A8390 /* tabs.h */ = {isa = PBXFileReference; fileEncoding = 4; lastKnownFileType = sourcecode.c.h; path = tabs.h; sourceTree = "<group>"; };
		B9953AC3297AFB81006A8390 /* query_json.cpp */ = {isa = PBXFileReference; fileEncoding = 4; lastKnownFileType = sourcecode.cpp.cpp; path = query_json.cpp; sourceTree = "<group>"; };
		B9953AC4297AFB81006A8390 /* dispatcher.cpp */ = {isa = PBXFileReference; fileEncoding = 4; lastKnownFileType = sourcecode.cpp.cpp; path = dispatcher.cpp; sourceTree = "<group>"; };
		B9953AC5297AFB81006A8390 /* config.cpp */ = {isa = PBXFileReference; fileEncoding = 4; lastKnownFileType = sourcecode.cpp.cpp; path = config.cpp; sourceTree = "<group>"; };
		B9953AC6297AFB81006A8390 /* handle.h */ = {isa = PBXFileReference; fileEncoding = 4; lastKnownFileType = sourcecode.c.h; path = handle.h; sourceTree = "<group>"; };
		B9953AC7297AFB81006A8390 /* query_json.h */ = {isa = PBXFileReference; fileEncoding = 4; lastKnownFileType = sourcecode.c.h; path = query_json.h; sourceTree = "<group>"; };
		B9953AC8297AFB81006A8390 /* string_table.cpp */ = {isa = PBXFileReference; fileEncoding = 4; lastKnownFileType = sourcecode.cpp.cpp; path = string_table.cpp; sourceTree = "<group>"; };
		B9953AC9297AFB81006A8390 /* scoped_mutex.h */ = {isa = PBXFileReference; fileEncoding = 4; lastKnownFileType = sourcecode.c.h; path = scoped_mutex.h; sourceTree = "<group>"; };
		B9953ACA297AFB81006A8390 /* table.h */ = {isa = PBXFileReference; fileEncoding = 4; lastKnownFileType = sourcecode.c.h; path = table.h; sourceTree = "<group>"; };
		B9953ACB297AFB81006A8390 /* concurrent_queue.h */ = {isa = PBXFileReference; fileEncoding = 4; lastKnownFileType = sourcecode.c.h; path = concurrent_queue.h; sourceTree = "<group>"; };
		B9953ACC297AFB81006A8390 /* progress.cpp */ = {isa = PBXFileReference; fileEncoding = 4; lastKnownFileType = sourcecode.cpp.cpp; path = progress.cpp; sourceTree = "<group>"; };
		B9953ACE297AFB81006A8390 /* tabs.cpp */ = {isa = PBXFileReference; fileEncoding = 4; lastKnownFileType = sourcecode.cpp.cpp; path = tabs.cpp; sourceTree = "<group>"; };
		B9953ACF297AFB81006A8390 /* profiler.h */ = {isa = PBXFileReference; fileEncoding = 4; lastKnownFileType = sourcecode.c.h; path = profiler.h; sourceTree = "<group>"; };
		B9953AD1297AFB81006A8390 /* function.h */ = {isa = PBXFileReference; fileEncoding = 4; lastKnownFileType = sourcecode.c.h; path = function.h; sourceTree = "<group>"; };
		B9C6886F29189EF400C585E1 /* main.ico */ = {isa = PBXFileReference; lastKnownFileType = image.ico; path = main.ico; sourceTree = "<group>"; };
		B9C6887129189FF200C585E1 /* JetBrainsMono-ExtraLight.ttf */ = {isa = PBXFileReference; lastKnownFileType = file; path = "JetBrainsMono-ExtraLight.ttf"; sourceTree = "<group>"; };
		B9C6887229189FF200C585E1 /* MaterialIcons-Regular.ttf */ = {isa = PBXFileReference; lastKnownFileType = file; path = "MaterialIcons-Regular.ttf"; sourceTree = "<group>"; };
		B9C688E42918A46400C585E1 /* osx-info.plist */ = {isa = PBXFileReference; fileEncoding = 4; lastKnownFileType = text.plist.xml; path = "osx-info.plist"; sourceTree = "<group>"; };
		B9C688FF2918A7E300C585E1 /* version.h */ = {isa = PBXFileReference; fileEncoding = 4; lastKnownFileType = sourcecode.c.h; path = version.h; sourceTree = "<group>"; };
		B9C689012918A7E300C585E1 /* settings.h */ = {isa = PBXFileReference; fileEncoding = 4; lastKnownFileType = sourcecode.c.h; path = settings.h; sourceTree = "<group>"; };
		B9C689102918A7E300C585E1 /* mnyfmt.h */ = {isa = PBXFileReference; fileEncoding = 4; lastKnownFileType = sourcecode.c.h; path = mnyfmt.h; sourceTree = "<group>"; };
		B9C689212918A7E300C585E1 /* mnyfmt.c */ = {isa = PBXFileReference; fileEncoding = 4; lastKnownFileType = sourcecode.c.c; path = mnyfmt.c; sourceTree = "<group>"; };
		B9C689262918A7E300C585E1 /* resource.h */ = {isa = PBXFileReference; fileEncoding = 4; lastKnownFileType = sourcecode.c.h; path = resource.h; sourceTree = "<group>"; };
		B9C689312918A7E300C585E1 /* settings.cpp */ = {isa = PBXFileReference; fileEncoding = 4; lastKnownFileType = sourcecode.cpp.cpp; path = settings.cpp; sourceTree = "<group>"; };
		B9C689322918A7E300C585E1 /* app.cpp */ = {isa = PBXFileReference; fileEncoding = 4; lastKnownFileType = sourcecode.cpp.cpp; path = app.cpp; sourceTree = "<group>"; };
		B9C68A032918AB0500C585E1 /* foundation.xcodeproj */ = {isa = PBXFileReference; lastKnownFileType = "wrapper.pb-project"; path = foundation.xcodeproj; sourceTree = SOURCE_ROOT; };
		B9CF9D9A29845B93006AF271 /* math.cpp */ = {isa = PBXFileReference; fileEncoding = 4; lastKnownFileType = sourcecode.cpp.cpp; path = math.cpp; sourceTree = "<group>"; };
		B9CF9D9B29845B93006AF271 /* console.cpp */ = {isa = PBXFileReference; fileEncoding = 4; lastKnownFileType = sourcecode.cpp.cpp; path = console.cpp; sourceTree = "<group>"; };
		B9CF9D9C29845B93006AF271 /* expr.cpp */ = {isa = PBXFileReference; fileEncoding = 4; lastKnownFileType = sourcecode.cpp.cpp; path = expr.cpp; sourceTree = "<group>"; };
		B9CF9D9D29845B93006AF271 /* expr.h */ = {isa = PBXFileReference; fileEncoding = 4; lastKnownFileType = sourcecode.c.h; path = expr.h; sourceTree = "<group>"; };
		B9CF9D9E29845B93006AF271 /* imgui.cpp */ = {isa = PBXFileReference; fileEncoding = 4; lastKnownFileType = sourcecode.cpp.cpp; path = imgui.cpp; sourceTree = "<group>"; };
		B9CF9D9F29845B93006AF271 /* console.h */ = {isa = PBXFileReference; fileEncoding = 4; lastKnownFileType = sourcecode.c.h; path = console.h; sourceTree = "<group>"; };
		B9CF9DA029845B93006AF271 /* glfw.cpp */ = {isa = PBXFileReference; fileEncoding = 4; lastKnownFileType = sourcecode.cpp.cpp; path = glfw.cpp; sourceTree = "<group>"; };
		B9CF9DA129845B93006AF271 /* expr_math.cpp */ = {isa = PBXFileReference; fileEncoding = 4; lastKnownFileType = sourcecode.cpp.cpp; path = expr_math.cpp; sourceTree = "<group>"; };
		B9CF9DA229845B93006AF271 /* glfw.h */ = {isa = PBXFileReference; fileEncoding = 4; lastKnownFileType = sourcecode.c.h; path = glfw.h; sourceTree = "<group>"; };
		B9CF9DA329845B93006AF271 /* math.h */ = {isa = PBXFileReference; fileEncoding = 4; lastKnownFileType = sourcecode.c.h; path = math.h; sourceTree = "<group>"; };
		B9CF9DA429845B93006AF271 /* imgui.h */ = {isa = PBXFileReference; fileEncoding = 4; lastKnownFileType = sourcecode.c.h; path = imgui.h; sourceTree = "<group>"; };
		B9CF9DAB29845BF4006AF271 /* bulk.cpp */ = {isa = PBXFileReference; fileEncoding = 4; lastKnownFileType = sourcecode.cpp.cpp; path = bulk.cpp; sourceTree = "<group>"; };
		B9CF9DAC29845BF4006AF271 /* title.h */ = {isa = PBXFileReference; fileEncoding = 4; lastKnownFileType = sourcecode.c.h; path = title.h; sourceTree = "<group>"; };
		B9CF9DAD29845BF4006AF271 /* eod.h */ = {isa = PBXFileReference; fileEncoding = 4; lastKnownFileType = sourcecode.c.h; path = eod.h; sourceTree = "<group>"; };
		B9CF9DAE29845BF4006AF271 /* report.cpp */ = {isa = PBXFileReference; fileEncoding = 4; lastKnownFileType = sourcecode.cpp.cpp; path = report.cpp; sourceTree = "<group>"; };
		B9CF9DAF29845BF4006AF271 /* report_expr.cpp */ = {isa = PBXFileReference; fileEncoding = 4; lastKnownFileType = sourcecode.cpp.cpp; path = report_expr.cpp; sourceTree = "<group>"; };
		B9CF9DB029845BF4006AF271 /* reportgraph.cpp */ = {isa = PBXFileReference; fileEncoding = 4; lastKnownFileType = sourcecode.cpp.cpp; path = reportgraph.cpp; sourceTree = "<group>"; };
		B9CF9DB129845BF4006AF271 /* stock.cpp */ = {isa = PBXFileReference; fileEncoding = 4; lastKnownFileType = sourcecode.cpp.cpp; path = stock.cpp; sourceTree = "<group>"; };
		B9CF9DB229845BF4006AF271 /* eod.cpp */ = {isa = PBXFileReference; fileEncoding = 4; lastKnownFileType = sourcecode.cpp.cpp; path = eod.cpp; sourceTree = "<group>"; };
		B9CF9DB329845BF4006AF271 /* pattern.h */ = {isa = PBXFileReference; fileEncoding = 4; lastKnownFileType = sourcecode.c.h; path = pattern.h; sourceTree = "<group>"; };
		B9CF9DB429845BF4006AF271 /* pattern.cpp */ = {isa = PBXFileReference; fileEncoding = 4; lastKnownFileType = sourcecode.cpp.cpp; path = pattern.cpp; sourceTree = "<group>"; };
		B9CF9DB529845BF4006AF271 /* report.h */ = {isa = PBXFileReference; fileEncoding = 4; lastKnownFileType = sourcecode.c.h; path = report.h; sourceTree = "<group>"; };
		B9CF9DB629845BF4006AF271 /* bulk.h */ = {isa = PBXFileReference; fileEncoding = 4; lastKnownFileType = sourcecode.c.h; path = bulk.h; sourceTree = "<group>"; };
		B9CF9DB729845BF4006AF271 /* stock.h */ = {isa = PBXFileReference; fileEncoding = 4; lastKnownFileType = sourcecode.c.h; path = stock.h; sourceTree = "<group>"; };
		B9CF9DB829845BF4006AF271 /* symbols.cpp */ = {isa = PBXFileReference; fileEncoding = 4; lastKnownFileType = sourcecode.cpp.cpp; path = symbols.cpp; sourceTree = "<group>"; };
		B9CF9DB929845BF4006AF271 /* symbols.h */ = {isa = PBXFileReference; fileEncoding = 4; lastKnownFileType = sourcecode.c.h; path = symbols.h; sourceTree = "<group>"; };
		B9CF9DBA29845BF4006AF271 /* title.cpp */ = {isa = PBXFileReference; fileEncoding = 4; lastKnownFileType = sourcecode.cpp.cpp; path = title.cpp; sourceTree = "<group>"; };
		B9E3775D295505FE00A0CC0A /* libpthread.tbd */ = {isa = PBXFileReference; lastKnownFileType = "sourcecode.text-based-dylib-definition"; name = libpthread.tbd; path = usr/lib/libpthread.tbd; sourceTree = SDKROOT; };
		B9F99B5C29770B49004DB76A /* events.h */ = {isa = PBXFileReference; fileEncoding = 4; lastKnownFileType = sourcecode.c.h; path = events.h; sourceTree = "<group>"; };
		B9F99B5D29770B49004DB76A /* app.h */ = {isa = PBXFileReference; fileEncoding = 4; lastKnownFileType = sourcecode.c.h; path = app.h; sourceTree = "<group>"; };
		B9FF98F4296C56E800F966DD /* config_tests.cpp */ = {isa = PBXFileReference; fileEncoding = 4; lastKnownFileType = sourcecode.cpp.cpp; path = config_tests.cpp; sourceTree = "<group>"; };
		B9FF98F5296C56E800F966DD /* imgui_tests.cpp */ = {isa = PBXFileReference; fileEncoding = 4; lastKnownFileType = sourcecode.cpp.cpp; path = imgui_tests.cpp; sourceTree = "<group>"; };
		B9FF98F6296C56E800F966DD /* test_utils.h */ = {isa = PBXFileReference; fileEncoding = 4; lastKnownFileType = sourcecode.c.h; path = test_utils.h; sourceTree = "<group>"; };
		B9FF98F8296C56E800F966DD /* test_utils.cpp */ = {isa = PBXFileReference; fileEncoding = 4; lastKnownFileType = sourcecode.cpp.cpp; path = test_utils.cpp; sourceTree = "<group>"; };
		B9FF98F9296C56E800F966DD /* boot_tests.cpp */ = {isa = PBXFileReference; fileEncoding = 4; lastKnownFileType = sourcecode.cpp.cpp; path = boot_tests.cpp; sourceTree = "<group>"; };
		B9FF9900296C571B00F966DD /* doctest.h */ = {isa = PBXFileReference; fileEncoding = 4; lastKnownFileType = sourcecode.c.h; path = doctest.h; sourceTree = "<group>"; };
		BC9D5E3D280A1A38F1FDB195 /* Wallet.app */ = {isa = PBXFileReference; explicitFileType = wrapper.application; includeInIndex = 0; path = Wallet.app; sourceTree = BUILT_PRODUCTS_DIR; };
/* End PBXFileReference section */

/* Begin PBXFrameworksBuildPhase section */
		FCA045C0E86376E491B18760 /* Frameworks */ = {
			isa = PBXFrameworksBuildPhase;
			buildActionMask = 2147483647;
			files = (
				B9E3775E295505FE00A0CC0A /* libpthread.tbd in Frameworks */,
				B90447D129476E3300CB6494 /* libz.tbd in Frameworks */,
				B929C1332939136E00AEE333 /* libcurl.tbd in Frameworks */,
				B9227E0B291A96900037FAE2 /* libglfw3.a in Frameworks */,
				B99EB7552919AF5100003D30 /* libfoundation.a in Frameworks */,
				B906776F2919C19200E5D8FF /* libimgui.a in Frameworks */,
				D507F9C1414359854A38D614 /* libbgfx.a in Frameworks */,
				962FE2720217CD680B05CFE4 /* libbimg.a in Frameworks */,
				8C4C079DF81264B9416EF21B /* libbx.a in Frameworks */,
			);
			runOnlyForDeploymentPostprocessing = 0;
		};
/* End PBXFrameworksBuildPhase section */

/* Begin PBXGroup section */
		095E7A507595C2E77E9F260B /* Products */ = {
			isa = PBXGroup;
			children = (
				BC9D5E3D280A1A38F1FDB195 /* Wallet.app */,
			);
			name = Products;
			sourceTree = "<group>";
		};
		4D8F6DCCB94C16034217026B /* Products */ = {
			isa = PBXGroup;
			children = (
				E5B72EF7D14B249F3A107E53 /* libbimg.a */,
			);
			name = Products;
			sourceTree = "<group>";
		};
		A822D5BA140AC0B01DF8C12C /* Products */ = {
			isa = PBXGroup;
			children = (
				9BDB7E8E87EE7EE730D85BD4 /* libbx.a */,
			);
			name = Products;
			sourceTree = "<group>";
		};
		B90677682919C17F00E5D8FF /* Products */ = {
			isa = PBXGroup;
			children = (
				B906776C2919C17F00E5D8FF /* libimgui.a */,
			);
			name = Products;
			sourceTree = "<group>";
		};
		B9227DF7291A95390037FAE2 /* glfw */ = {
			isa = PBXGroup;
			children = (
				B9227DF8291A95390037FAE2 /* LICENSE.md */,
				B9227DFB291A95390037FAE2 /* include */,
				B9227DFF291A95390037FAE2 /* lib-osx-universal */,
				B9227E01291A95390037FAE2 /* lib-vc2022-64 */,
			);
			path = glfw;
			sourceTree = "<group>";
		};
		B9227DFB291A95390037FAE2 /* include */ = {
			isa = PBXGroup;
			children = (
				B9227DFC291A95390037FAE2 /* GLFW */,
			);
			path = include;
			sourceTree = "<group>";
		};
		B9227DFC291A95390037FAE2 /* GLFW */ = {
			isa = PBXGroup;
			children = (
				B9227DFD291A95390037FAE2 /* glfw3.h */,
				B9227DFE291A95390037FAE2 /* glfw3native.h */,
			);
			path = GLFW;
			sourceTree = "<group>";
		};
		B9227DFF291A95390037FAE2 /* lib-osx-universal */ = {
			isa = PBXGroup;
			children = (
				B9227E00291A95390037FAE2 /* libglfw3.a */,
			);
			path = "lib-osx-universal";
			sourceTree = "<group>";
		};
		B9227E01291A95390037FAE2 /* lib-vc2022-64 */ = {
			isa = PBXGroup;
			children = (
				B9227E02291A95390037FAE2 /* glfw3.lib */,
			);
			path = "lib-vc2022-64";
			sourceTree = "<group>";
		};
		B94CB937298D527100C8129E /* stb */ = {
			isa = PBXGroup;
			children = (
				B94CB939298D528F00C8129E /* stb.c */,
				B94CB93B298D528F00C8129E /* stb_image.h */,
				B94CB93C298D528F00C8129E /* stb_rect_pack.h */,
				B94CB93A298D528F00C8129E /* stb_textedit.h */,
				B94CB938298D528F00C8129E /* stb_truetype.h */,
			);
			name = stb;
			path = ../../external;
			sourceTree = SOURCE_ROOT;
		};
		B94CBE85297AFC3700575D12 /* shaders */ = {
			isa = PBXGroup;
			children = (
				B94CBE93297AFC3700575D12 /* varying.def.sc */,
			);
			name = shaders;
			path = ../../sources/shaders;
			sourceTree = SOURCE_ROOT;
		};
		B9953AA6297AFB81006A8390 /* framework */ = {
			isa = PBXGroup;
			children = (
				B9953AAB297AFB81006A8390 /* boot.cpp */,
				B9953AAC297AFB81006A8390 /* common.cpp */,
				B9953AC5297AFB81006A8390 /* config.cpp */,
				B9CF9D9B29845B93006AF271 /* console.cpp */,
				B9953AC4297AFB81006A8390 /* dispatcher.cpp */,
				B9CF9DA129845B93006AF271 /* expr_math.cpp */,
				B9CF9D9C29845B93006AF271 /* expr.cpp */,
				B9CF9DA029845B93006AF271 /* glfw.cpp */,
				B9CF9D9E29845B93006AF271 /* imgui.cpp */,
				B9953AB7297AFB81006A8390 /* jobs.cpp */,
				B9CF9D9A29845B93006AF271 /* math.cpp */,
				B9953ABC297AFB81006A8390 /* option.cpp */,
				B9953AB2297AFB81006A8390 /* profiler.cpp */,
				B9953ACC297AFB81006A8390 /* progress.cpp */,
				B9953AC3297AFB81006A8390 /* query_json.cpp */,
				B9953AAA297AFB81006A8390 /* query_mock.cpp */,
				B9953AAE297AFB81006A8390 /* query.cpp */,
				B9953AC1297AFB81006A8390 /* service.cpp */,
				B9953ABE297AFB81006A8390 /* session.cpp */,
				B9953AA9297AFB81006A8390 /* shared_mutex.cpp */,
				B9953AC8297AFB81006A8390 /* string_table.cpp */,
				B9953AB4297AFB81006A8390 /* table.cpp */,
				B9953ACE297AFB81006A8390 /* tabs.cpp */,
				B9953AC0297AFB81006A8390 /* common.h */,
				B9953ACB297AFB81006A8390 /* concurrent_queue.h */,
				B9953AB3297AFB81006A8390 /* config.h */,
				B9CF9D9F29845B93006AF271 /* console.h */,
				B9953ABA297AFB81006A8390 /* dispatcher.h */,
				B9CF9D9D29845B93006AF271 /* expr.h */,
				B9953AD1297AFB81006A8390 /* function.h */,
				B9953AAD297AFB81006A8390 /* generics.h */,
				B9CF9DA229845B93006AF271 /* glfw.h */,
				B9953AC6297AFB81006A8390 /* handle.h */,
				B9CF9DA429845B93006AF271 /* imgui.h */,
				B9953AA7297AFB81006A8390 /* jobs.h */,
				B9CF9DA329845B93006AF271 /* math.h */,
				B9953ABB297AFB81006A8390 /* option.h */,
				B9953ACF297AFB81006A8390 /* profiler.h */,
				B9953AA8297AFB81006A8390 /* progress.h */,
				B9953AC7297AFB81006A8390 /* query_json.h */,
				B9953AB1297AFB81006A8390 /* query.h */,
				B9953AC9297AFB81006A8390 /* scoped_mutex.h */,
				B9953AB6297AFB81006A8390 /* scoped_string.h */,
				B9953AB5297AFB81006A8390 /* service.h */,
				B9953ABD297AFB81006A8390 /* session.h */,
				B9953AAF297AFB81006A8390 /* shared_mutex.h */,
				B9953ABF297AFB81006A8390 /* string_table.h */,
				B9953ACA297AFB81006A8390 /* table.h */,
				B9953AC2297AFB81006A8390 /* tabs.h */,
				B9953AB0297AFB81006A8390 /* common.mm */,
			);
			name = framework;
			path = ../../sources/framework;
			sourceTree = SOURCE_ROOT;
		};
		B99EB7542919AF5100003D30 /* Frameworks */ = {
			isa = PBXGroup;
			children = (
				B9E3775D295505FE00A0CC0A /* libpthread.tbd */,
				B90447D029476E3300CB6494 /* libz.tbd */,
				B929C1322939136E00AEE333 /* libcurl.tbd */,
			);
			name = Frameworks;
			sourceTree = "<group>";
		};
		B9C6886729189D1C00C585E1 /* external */ = {
			isa = PBXGroup;
			children = (
				B9C689212918A7E300C585E1 /* mnyfmt.c */,
				B9C689102918A7E300C585E1 /* mnyfmt.h */,
				B9FF98FF296C571B00F966DD /* doctest */,
				B9227DF7291A95390037FAE2 /* glfw */,
				B94CB937298D527100C8129E /* stb */,
			);
			name = external;
			path = ../../external;
			sourceTree = SOURCE_ROOT;
		};
		B9C6886829189DAF00C585E1 /* resources */ = {
			isa = PBXGroup;
			children = (
				B9C688E42918A46400C585E1 /* osx-info.plist */,
				B9C6887129189FF200C585E1 /* JetBrainsMono-ExtraLight.ttf */,
				B9C6887229189FF200C585E1 /* MaterialIcons-Regular.ttf */,
				B9C6886F29189EF400C585E1 /* main.ico */,
				B90335D5291BE323003184CF /* App.xcassets */,
			);
			name = resources;
			path = ../../resources;
			sourceTree = SOURCE_ROOT;
		};
		B9C688FC2918A7CA00C585E1 /* app */ = {
			isa = PBXGroup;
			children = (
				B9C689322918A7E300C585E1 /* app.cpp */,
				B9CF9DAB29845BF4006AF271 /* bulk.cpp */,
				B9CF9DB229845BF4006AF271 /* eod.cpp */,
				B94CB932298D51F200C8129E /* logo.cpp */,
				B9CF9DB429845BF4006AF271 /* pattern.cpp */,
				B9CF9DAF29845BF4006AF271 /* report_expr.cpp */,
				B9CF9DAE29845BF4006AF271 /* report.cpp */,
				B9CF9DB029845BF4006AF271 /* reportgraph.cpp */,
				B9C689312918A7E300C585E1 /* settings.cpp */,
				B9CF9DB129845BF4006AF271 /* stock.cpp */,
				B9CF9DB829845BF4006AF271 /* symbols.cpp */,
				B9CF9DBA29845BF4006AF271 /* title.cpp */,
				B93AD6D729846604005F2016 /* wallet.cpp */,
				B9F99B5D29770B49004DB76A /* app.h */,
				B9CF9DB629845BF4006AF271 /* bulk.h */,
				B9CF9DAD29845BF4006AF271 /* eod.h */,
				B9F99B5C29770B49004DB76A /* events.h */,
				B94CB933298D51F200C8129E /* logo.h */,
				B9CF9DB329845BF4006AF271 /* pattern.h */,
				B9CF9DB529845BF4006AF271 /* report.h */,
				B9C689262918A7E300C585E1 /* resource.h */,
				B9C689012918A7E300C585E1 /* settings.h */,
				B9CF9DB729845BF4006AF271 /* stock.h */,
				B9CF9DB929845BF4006AF271 /* symbols.h */,
				B9CF9DAC29845BF4006AF271 /* title.h */,
				B9C688FF2918A7E300C585E1 /* version.h */,
				B93AD6D629846604005F2016 /* wallet.h */,
			);
			name = app;
			path = ../../sources;
			sourceTree = SOURCE_ROOT;
		};
		B9C68A042918AB0500C585E1 /* Products */ = {
			isa = PBXGroup;
			children = (
				B9C68A082918AB0500C585E1 /* libfoundation.a */,
			);
			name = Products;
			sourceTree = "<group>";
		};
		B9FF98F3296C56E800F966DD /* tests */ = {
			isa = PBXGroup;
			children = (
				B94CB935298D521200C8129E /* generics_tests.cpp */,
				B9FF98F9296C56E800F966DD /* boot_tests.cpp */,
				B9FF98F4296C56E800F966DD /* config_tests.cpp */,
				B9FF98F5296C56E800F966DD /* imgui_tests.cpp */,
				B96DB0C6297AD0BC00374F96 /* test_runner.cpp */,
				B9FF98F8296C56E800F966DD /* test_utils.cpp */,
				B9FF98F6296C56E800F966DD /* test_utils.h */,
			);
			name = tests;
			path = ../../sources/tests;
			sourceTree = SOURCE_ROOT;
		};
		B9FF98FF296C571B00F966DD /* doctest */ = {
			isa = PBXGroup;
			children = (
				B9FF9900296C571B00F966DD /* doctest.h */,
			);
			path = doctest;
			sourceTree = "<group>";
		};
		BCB748462875F17CB13FDDE4 /* Products */ = {
			isa = PBXGroup;
			children = (
				C45DDF7DB0C5A54B1931BA61 /* libbgfx.a */,
			);
			name = Products;
			sourceTree = "<group>";
		};
		C6C37BFE323037F9FB23CF56 /* infineis */ = {
			isa = PBXGroup;
			children = (
				B9C688FC2918A7CA00C585E1 /* app */,
				B9953AA6297AFB81006A8390 /* framework */,
				B9FF98F3296C56E800F966DD /* tests */,
				B94CBE85297AFC3700575D12 /* shaders */,
				B9C6886829189DAF00C585E1 /* resources */,
				B9C6886729189D1C00C585E1 /* external */,
				095E7A507595C2E77E9F260B /* Products */,
				D78A28F443C2708B4CCCD4AE /* Projects */,
				B99EB7542919AF5100003D30 /* Frameworks */,
			);
			name = infineis;
			path = .;
			sourceTree = "<group>";
		};
		D78A28F443C2708B4CCCD4AE /* Projects */ = {
			isa = PBXGroup;
			children = (
				B90677672919C17F00E5D8FF /* imgui.xcodeproj */,
				B9C68A032918AB0500C585E1 /* foundation.xcodeproj */,
				42B8D81D2EF78299D7795FCB /* bgfx.xcodeproj */,
				8AD7BCA17616671D1F99434F /* bimg.xcodeproj */,
				856853C47111BBF39AA7D672 /* bx.xcodeproj */,
			);
			name = Projects;
			path = .;
			sourceTree = "<group>";
		};
/* End PBXGroup section */

/* Begin PBXNativeTarget section */
		22C6FE090E5588D3B7739CCE /* wallet */ = {
			isa = PBXNativeTarget;
			buildConfigurationList = D8F9C6EEC4BCF7126D0A098F /* Build configuration list for PBXNativeTarget "wallet" */;
			buildPhases = (
				B95C41C3296097CA00CA924C /* Build Version Information */,
				9AC146DF868477032FD2887F /* Resources */,
				724FC6CF5E12F7F307600870 /* Sources */,
				FCA045C0E86376E491B18760 /* Frameworks */,
			);
			buildRules = (
				B94CA792291C378F0022AA37 /* PBXBuildRule */,
				B94CA78F291C2FEA0022AA37 /* PBXBuildRule */,
			);
			dependencies = (
				B9192A5029197979002228F4 /* PBXTargetDependency */,
				B906776E2919C18A00E5D8FF /* PBXTargetDependency */,
				8BA2442BF7892F210078319D /* PBXTargetDependency */,
				682F43EDD4ECEB235DB7D78B /* PBXTargetDependency */,
				B04DF2131C0B9B4AA5D586B2 /* PBXTargetDependency */,
			);
			name = wallet;
			productInstallPath = "$(HOME)/Applications";
			productName = examples;
			productReference = BC9D5E3D280A1A38F1FDB195 /* Wallet.app */;
			productType = "com.apple.product-type.application";
		};
/* End PBXNativeTarget section */

/* Begin PBXProject section */
		__RootObject_ /* Project object */ = {
			isa = PBXProject;
			attributes = {
				LastUpgradeCheck = 1410;
			};
			buildConfigurationList = 1DEB928908733DD80010E9CD /* Build configuration list for PBXProject "wallet" */;
			compatibilityVersion = "Xcode 8.0";
			developmentRegion = en;
			hasScannedForEncodings = 1;
			knownRegions = (
				en,
				Base,
			);
			mainGroup = C6C37BFE323037F9FB23CF56 /* infineis */;
			projectDirPath = "";
			projectReferences = (
				{
					ProductGroup = BCB748462875F17CB13FDDE4 /* Products */;
					ProjectRef = 42B8D81D2EF78299D7795FCB /* bgfx.xcodeproj */;
				},
				{
					ProductGroup = 4D8F6DCCB94C16034217026B /* Products */;
					ProjectRef = 8AD7BCA17616671D1F99434F /* bimg.xcodeproj */;
				},
				{
					ProductGroup = A822D5BA140AC0B01DF8C12C /* Products */;
					ProjectRef = 856853C47111BBF39AA7D672 /* bx.xcodeproj */;
				},
				{
					ProductGroup = B9C68A042918AB0500C585E1 /* Products */;
					ProjectRef = B9C68A032918AB0500C585E1 /* foundation.xcodeproj */;
				},
				{
					ProductGroup = B90677682919C17F00E5D8FF /* Products */;
					ProjectRef = B90677672919C17F00E5D8FF /* imgui.xcodeproj */;
				},
			);
			projectRoot = "";
			targets = (
				22C6FE090E5588D3B7739CCE /* wallet */,
			);
		};
/* End PBXProject section */

/* Begin PBXReferenceProxy section */
		9BDB7E8E87EE7EE730D85BD4 /* libbx.a */ = {
			isa = PBXReferenceProxy;
			fileType = archive.ar;
			path = libbx.a;
			remoteRef = 805D0A986C32524B95E19147 /* PBXContainerItemProxy */;
			sourceTree = BUILT_PRODUCTS_DIR;
		};
		B906776C2919C17F00E5D8FF /* libimgui.a */ = {
			isa = PBXReferenceProxy;
			fileType = archive.ar;
			path = libimgui.a;
			remoteRef = B906776B2919C17F00E5D8FF /* PBXContainerItemProxy */;
			sourceTree = BUILT_PRODUCTS_DIR;
		};
		B9C68A082918AB0500C585E1 /* libfoundation.a */ = {
			isa = PBXReferenceProxy;
			fileType = archive.ar;
			path = libfoundation.a;
			remoteRef = B9C68A072918AB0500C585E1 /* PBXContainerItemProxy */;
			sourceTree = BUILT_PRODUCTS_DIR;
		};
		C45DDF7DB0C5A54B1931BA61 /* libbgfx.a */ = {
			isa = PBXReferenceProxy;
			fileType = archive.ar;
			path = libbgfx.a;
			remoteRef = 7D5DF3B269C8B3BE12E41824 /* PBXContainerItemProxy */;
			sourceTree = BUILT_PRODUCTS_DIR;
		};
		E5B72EF7D14B249F3A107E53 /* libbimg.a */ = {
			isa = PBXReferenceProxy;
			fileType = archive.ar;
			path = libbimg.a;
			remoteRef = 2E27B3FD1A927309C3ADD86E /* PBXContainerItemProxy */;
			sourceTree = BUILT_PRODUCTS_DIR;
		};
/* End PBXReferenceProxy section */

/* Begin PBXResourcesBuildPhase section */
		9AC146DF868477032FD2887F /* Resources */ = {
			isa = PBXResourcesBuildPhase;
			buildActionMask = 2147483647;
			files = (
				B99EB7572919AFE000003D30 /* JetBrainsMono-ExtraLight.ttf in Resources */,
				B9C6887429189FF200C585E1 /* MaterialIcons-Regular.ttf in Resources */,
				B94CBE9B297AFC3700575D12 /* varying.def.sc in Resources */,
				B90335D6291BE323003184CF /* App.xcassets in Resources */,
				B9C6887029189EF400C585E1 /* main.ico in Resources */,
			);
			runOnlyForDeploymentPostprocessing = 0;
		};
/* End PBXResourcesBuildPhase section */

/* Begin PBXShellScriptBuildPhase section */
		B95C41C3296097CA00CA924C /* Build Version Information */ = {
			isa = PBXShellScriptBuildPhase;
			buildActionMask = 2147483647;
			files = (
			);
			inputFileListPaths = (
			);
			inputPaths = (
			);
			name = "Build Version Information";
			outputFileListPaths = (
			);
			outputPaths = (
				../../artifacts/version.git.h,
			);
			runOnlyForDeploymentPostprocessing = 0;
			shellPath = /bin/sh;
			shellScript = "# Type a script or drag a script file from your workspace to insert its path.\n../../scripts/generate_git_build_info.sh\n";
		};
/* End PBXShellScriptBuildPhase section */

/* Begin PBXSourcesBuildPhase section */
		724FC6CF5E12F7F307600870 /* Sources */ = {
			isa = PBXSourcesBuildPhase;
			buildActionMask = 2147483647;
			files = (
				B9CF9DBD29845BF4006AF271 /* report_expr.cpp in Sources */,
				B9953AD7297AFB81006A8390 /* common.mm in Sources */,
				B9953AE2297AFB81006A8390 /* string_table.cpp in Sources */,
				B9953AD5297AFB81006A8390 /* common.cpp in Sources */,
				B9CF9DBF29845BF4006AF271 /* stock.cpp in Sources */,
				B9CF9DC229845BF4006AF271 /* symbols.cpp in Sources */,
				B9CF9DBB29845BF4006AF271 /* bulk.cpp in Sources */,
				B9953AD8297AFB81006A8390 /* profiler.cpp in Sources */,
				B9953ADC297AFB81006A8390 /* option.cpp in Sources */,
				B9CF9DA729845B93006AF271 /* expr.cpp in Sources */,
				B9953AD9297AFB81006A8390 /* table.cpp in Sources */,
				B9FF98FD296C56E800F966DD /* test_utils.cpp in Sources */,
				B9953AE3297AFB81006A8390 /* progress.cpp in Sources */,
				B94CB936298D521200C8129E /* generics_tests.cpp in Sources */,
				B9CF9DBC29845BF4006AF271 /* report.cpp in Sources */,
				B9CF9DC329845BF4006AF271 /* title.cpp in Sources */,
				B9FF98FA296C56E800F966DD /* config_tests.cpp in Sources */,
				B9CF9DA829845B93006AF271 /* imgui.cpp in Sources */,
				B94CB93D298D528F00C8129E /* stb.c in Sources */,
				B9953AE0297AFB81006A8390 /* dispatcher.cpp in Sources */,
				B9CF9DA529845B93006AF271 /* math.cpp in Sources */,
				B9C689422918A7E300C585E1 /* mnyfmt.c in Sources */,
				B9C689492918A7E300C585E1 /* settings.cpp in Sources */,
				B9C6894A2918A7E300C585E1 /* app.cpp in Sources */,
				B9FF98FB296C56E800F966DD /* imgui_tests.cpp in Sources */,
				B9953AD3297AFB81006A8390 /* query_mock.cpp in Sources */,
				B9CF9DC029845BF4006AF271 /* eod.cpp in Sources */,
				B9953ADA297AFB81006A8390 /* jobs.cpp in Sources */,
				B9953ADE297AFB81006A8390 /* service.cpp in Sources */,
				B9CF9DA929845B93006AF271 /* glfw.cpp in Sources */,
				B93AD6D829846616005F2016 /* wallet.cpp in Sources */,
				B9CF9DBE29845BF4006AF271 /* reportgraph.cpp in Sources */,
				B9953AE1297AFB81006A8390 /* config.cpp in Sources */,
				B9953ADF297AFB81006A8390 /* query_json.cpp in Sources */,
				B9CF9DA629845B93006AF271 /* console.cpp in Sources */,
				B9CF9DC129845BF4006AF271 /* pattern.cpp in Sources */,
				B9953AE5297AFB81006A8390 /* tabs.cpp in Sources */,
				B96DB0C7297AD0BC00374F96 /* test_runner.cpp in Sources */,
				B94CB934298D51F300C8129E /* logo.cpp in Sources */,
				B9953AD6297AFB81006A8390 /* query.cpp in Sources */,
				B9953AD4297AFB81006A8390 /* boot.cpp in Sources */,
				B9953AD2297AFB81006A8390 /* shared_mutex.cpp in Sources */,
				B9FF98FE296C56E800F966DD /* boot_tests.cpp in Sources */,
				B9953ADD297AFB81006A8390 /* session.cpp in Sources */,
				B9CF9DAA29845B93006AF271 /* expr_math.cpp in Sources */,
			);
			runOnlyForDeploymentPostprocessing = 0;
		};
/* End PBXSourcesBuildPhase section */

/* Begin PBXTargetDependency section */
		682F43EDD4ECEB235DB7D78B /* PBXTargetDependency */ = {
			isa = PBXTargetDependency;
			name = libbgfxDebug.a;
			targetProxy = 172A21F20395E1FDACB04663 /* PBXContainerItemProxy */;
		};
		8BA2442BF7892F210078319D /* PBXTargetDependency */ = {
			isa = PBXTargetDependency;
			name = libbxDebug.a;
			targetProxy = DA95C463C66A0C17EF194C13 /* PBXContainerItemProxy */;
		};
		B04DF2131C0B9B4AA5D586B2 /* PBXTargetDependency */ = {
			isa = PBXTargetDependency;
			name = libbimgDebug.a;
			targetProxy = C8F3E03CB45EA1485D7A06AE /* PBXContainerItemProxy */;
		};
		B906776E2919C18A00E5D8FF /* PBXTargetDependency */ = {
			isa = PBXTargetDependency;
			name = imgui;
			targetProxy = B906776D2919C18A00E5D8FF /* PBXContainerItemProxy */;
		};
		B9192A5029197979002228F4 /* PBXTargetDependency */ = {
			isa = PBXTargetDependency;
			name = foundation;
			targetProxy = B9192A4F29197979002228F4 /* PBXContainerItemProxy */;
		};
/* End PBXTargetDependency section */

/* Begin XCBuildConfiguration section */
		33C06E5A1F12464A0831835A /* Release */ = {
			isa = XCBuildConfiguration;
			buildSettings = {
				CLANG_CXX_LANGUAGE_STANDARD = "c++20";
				CLANG_WARN_BLOCK_CAPTURE_AUTORELEASING = YES;
				CLANG_WARN_ENUM_CONVERSION = YES;
				CLANG_WARN_INFINITE_RECURSION = YES;
				CLANG_WARN_INT_CONVERSION = YES;
				CLANG_WARN_NON_LITERAL_NULL_CONVERSION = YES;
				CLANG_WARN_SUSPICIOUS_MOVE = YES;
				CONFIGURATION_BUILD_DIR = "$(SYMROOT)";
				COPY_PHASE_STRIP = NO;
				DEAD_CODE_STRIPPING = YES;
				ENABLE_STRICT_OBJC_MSGSEND = YES;
				GCC_C_LANGUAGE_STANDARD = c11;
				GCC_NO_COMMON_BLOCKS = YES;
				GCC_OPTIMIZATION_LEVEL = 3;
				GCC_PREPROCESSOR_DEFINITIONS = (
					__STDC_LIMIT_MACROS,
					__STDC_FORMAT_MACROS,
					__STDC_CONSTANT_MACROS,
					NDEBUG,
					"BX_CONFIG_DEBUG=0",
					"FOUNDATION_SIZE_REAL=8",
					IMGUI_ENABLE_TEST_ENGINE,
					"BUILD_RELEASE=1",
				);
				GCC_WARN_64_TO_32_BIT_CONVERSION = YES;
				GCC_WARN_ABOUT_RETURN_TYPE = YES;
				HEADER_SEARCH_PATHS = (
					../../external/bx/include/compat/osx,
					../../external/bx/include,
					../../external/bimg/include,
					../../external/glfw/include,
					../../external/bgfx/include,
					../../external,
					../../sources,
					../..,
				);
				LIBRARY_SEARCH_PATHS = "../../external/glfw/lib-osx-universal";
				MACOSX_DEPLOYMENT_TARGET = "$(RECOMMENDED_MACOSX_DEPLOYMENT_TARGET)";
				OBJROOT = ../../artifacts;
				ONLY_ACTIVE_ARCH = YES;
				OTHER_CFLAGS = (
					"-ffast-math",
					"-fomit-frame-pointer",
					"-Wshadow",
					"-Wfatal-errors",
				);
				OTHER_CPLUSPLUSFLAGS = (
					"-ffast-math",
					"-fomit-frame-pointer",
					"-Wno-shadow",
					"-Wfatal-errors",
					"-Wno-switch",
				);
				OTHER_LDFLAGS = (
					"-framework",
					Cocoa,
					"-framework",
					IOKit,
					"-framework",
					OpenGL,
					"-framework",
					QuartzCore,
					"-weak_framework",
					Metal,
				);
				SDKROOT = macosx;
				STANDARD_C_PLUS_PLUS_LIBRARY_TYPE = static;
				SYMROOT = ../../build;
			};
			name = Release;
		};
		789F11436486D33A0DD73958 /* Debug */ = {
			isa = XCBuildConfiguration;
			buildSettings = {
				CLANG_CXX_LANGUAGE_STANDARD = "c++20";
				CLANG_WARN_BLOCK_CAPTURE_AUTORELEASING = YES;
				CLANG_WARN_ENUM_CONVERSION = YES;
				CLANG_WARN_INFINITE_RECURSION = YES;
				CLANG_WARN_INT_CONVERSION = YES;
				CLANG_WARN_NON_LITERAL_NULL_CONVERSION = YES;
				CLANG_WARN_SUSPICIOUS_MOVE = YES;
				CONFIGURATION_BUILD_DIR = "$(SYMROOT)";
				COPY_PHASE_STRIP = NO;
				DEAD_CODE_STRIPPING = YES;
				ENABLE_STRICT_OBJC_MSGSEND = YES;
				ENABLE_TESTABILITY = YES;
				GCC_C_LANGUAGE_STANDARD = c11;
				GCC_NO_COMMON_BLOCKS = YES;
				GCC_OPTIMIZATION_LEVEL = 0;
				GCC_PREPROCESSOR_DEFINITIONS = (
					__STDC_LIMIT_MACROS,
					__STDC_FORMAT_MACROS,
					__STDC_CONSTANT_MACROS,
					_DEBUG,
					"BUILD_DEBUG=1",
					"FOUNDATION_SIZE_REAL=8",
					"BX_CONFIG_DEBUG=1",
					IMGUI_ENABLE_TEST_ENGINE,
				);
				GCC_WARN_64_TO_32_BIT_CONVERSION = YES;
				GCC_WARN_ABOUT_RETURN_TYPE = YES;
				HEADER_SEARCH_PATHS = (
					../../external/bx/include/compat/osx,
					../../external/bx/include,
					../../external/bimg/include,
					../../external/glfw/include,
					../../external/bgfx/include,
					../../external,
					../../sources,
					../..,
				);
				LIBRARY_SEARCH_PATHS = "../../external/glfw/lib-osx-universal";
				MACOSX_DEPLOYMENT_TARGET = "$(RECOMMENDED_MACOSX_DEPLOYMENT_TARGET)";
				OBJROOT = ../../artifacts;
				ONLY_ACTIVE_ARCH = YES;
				OTHER_CFLAGS = (
					"-ffast-math",
					"-fomit-frame-pointer",
					"-Wshadow",
					"-Wfatal-errors",
				);
				OTHER_CPLUSPLUSFLAGS = (
					"-ffast-math",
					"-fomit-frame-pointer",
					"-Wno-shadow",
					"-Wfatal-errors",
					"-Wno-switch",
				);
				OTHER_LDFLAGS = (
					"-framework",
					Cocoa,
					"-framework",
					IOKit,
					"-framework",
					OpenGL,
					"-framework",
					QuartzCore,
					"-weak_framework",
					Metal,
				);
				SDKROOT = macosx;
				STANDARD_C_PLUS_PLUS_LIBRARY_TYPE = static;
				SYMROOT = ../../build;
			};
			name = Debug;
		};
		ACDEFBC418C20A0521C53841 /* Release */ = {
			isa = XCBuildConfiguration;
			buildSettings = {
				ALWAYS_SEARCH_USER_PATHS = NO;
				ASSETCATALOG_COMPILER_APPICON_NAME = AppIcon;
				CLANG_ENABLE_OBJC_WEAK = YES;
				CURRENT_PROJECT_VERSION = dev;
				GCC_MODEL_TUNING = G5;
				INFOPLIST_FILE = "../../resources/osx-info.plist";
				INFOPLIST_KEY_CFBundleDisplayName = Wallet;
				INFOPLIST_KEY_LSApplicationCategoryType = "public.app-category.finance";
				MARKETING_VERSION = 1.0.0;
				PRODUCT_NAME = Wallet;
			};
			name = Release;
		};
		F2E21B185EFB024227A892DB /* Debug */ = {
			isa = XCBuildConfiguration;
			buildSettings = {
				ALWAYS_SEARCH_USER_PATHS = NO;
				ASSETCATALOG_COMPILER_APPICON_NAME = AppIcon;
				CLANG_ENABLE_OBJC_WEAK = YES;
				CURRENT_PROJECT_VERSION = dev;
				GCC_MODEL_TUNING = G5;
				INFOPLIST_FILE = "../../resources/osx-info.plist";
				INFOPLIST_KEY_CFBundleDisplayName = Wallet;
				INFOPLIST_KEY_LSApplicationCategoryType = "public.app-category.finance";
				MARKETING_VERSION = 1.0.0;
				PRODUCT_NAME = Wallet;
			};
			name = Debug;
		};
/* End XCBuildConfiguration section */

/* Begin XCConfigurationList section */
		1DEB928908733DD80010E9CD /* Build configuration list for PBXProject "wallet" */ = {
			isa = XCConfigurationList;
			buildConfigurations = (
				789F11436486D33A0DD73958 /* Debug */,
				33C06E5A1F12464A0831835A /* Release */,
			);
			defaultConfigurationIsVisible = 0;
			defaultConfigurationName = Debug;
		};
		D8F9C6EEC4BCF7126D0A098F /* Build configuration list for PBXNativeTarget "wallet" */ = {
			isa = XCConfigurationList;
			buildConfigurations = (
				F2E21B185EFB024227A892DB /* Debug */,
				ACDEFBC418C20A0521C53841 /* Release */,
			);
			defaultConfigurationIsVisible = 0;
			defaultConfigurationName = Debug;
		};
/* End XCConfigurationList section */
	};
	rootObject = __RootObject_ /* Project object */;
}
