<?xml version="1.0" encoding="utf-8"?>
<Project ToolsVersion="4.0" xmlns="http://schemas.microsoft.com/developer/msbuild/2003">
  <ItemGroup>
    <Filter Include="src">
      <UniqueIdentifier>{e9e48b8d-6b5c-41cb-abd9-eb8f45b05b6e}</UniqueIdentifier>
    </Filter>
  </ItemGroup>
  <ItemGroup>
    <ClCompile Include="..\..\external\bimg\src\image.cpp">
      <Filter>src</Filter>
    </ClCompile>
    <ClCompile Include="..\..\external\bimg\src\image_cubemap_filter.cpp">
      <Filter>src</Filter>
    </ClCompile>
    <ClCompile Include="..\..\external\bimg\src\image_decode.cpp">
      <Filter>src</Filter>
    </ClCompile>
    <ClCompile Include="..\..\external\bimg\src\image_encode.cpp">
      <Filter>src</Filter>
    </ClCompile>
    <ClCompile Include="..\..\external\bimg\src\image_gnf.cpp">
      <Filter>src</Filter>
    </ClCompile>
  </ItemGroup>
</Project>