<?xml version="1.0" encoding="utf-8"?>
<Project ToolsVersion="4.0" xmlns="http://schemas.microsoft.com/developer/msbuild/2003">
  <ItemGroup>
    <ClInclude Include="..\..\external\bx\include\bx\allocator.h" />
    <ClInclude Include="..\..\external\bx\include\bx\bounds.h" />
    <ClInclude Include="..\..\external\bx\include\bx\bx.h" />
    <ClInclude Include="..\..\external\bx\include\bx\commandline.h" />
    <ClInclude Include="..\..\external\bx\include\bx\config.h" />
    <ClInclude Include="..\..\external\bx\include\bx\constants.h" />
    <ClInclude Include="..\..\external\bx\include\bx\cpu.h" />
    <ClInclude Include="..\..\external\bx\include\bx\debug.h" />
    <ClInclude Include="..\..\external\bx\include\bx\easing.h" />
    <ClInclude Include="..\..\external\bx\include\bx\endian.h" />
    <ClInclude Include="..\..\external\bx\include\bx\error.h" />
    <ClInclude Include="..\..\external\bx\include\bx\file.h" />
    <ClInclude Include="..\..\external\bx\include\bx\filepath.h" />
    <ClInclude Include="..\..\external\bx\include\bx\float4x4_t.h" />
    <ClInclude Include="..\..\external\bx\include\bx\handlealloc.h" />
    <ClInclude Include="..\..\external\bx\include\bx\hash.h" />
    <ClInclude Include="..\..\external\bx\include\bx\macros.h" />
    <ClInclude Include="..\..\external\bx\include\bx\maputil.h" />
    <ClInclude Include="..\..\external\bx\include\bx\math.h" />
    <ClInclude Include="..\..\external\bx\include\bx\mpscqueue.h" />
    <ClInclude Include="..\..\external\bx\include\bx\mutex.h" />
    <ClInclude Include="..\..\external\bx\include\bx\os.h" />
    <ClInclude Include="..\..\external\bx\include\bx\pixelformat.h" />
    <ClInclude Include="..\..\external\bx\include\bx\platform.h" />
    <ClInclude Include="..\..\external\bx\include\bx\process.h" />
    <ClInclude Include="..\..\external\bx\include\bx\readerwriter.h" />
    <ClInclude Include="..\..\external\bx\include\bx\ringbuffer.h" />
    <ClInclude Include="..\..\external\bx\include\bx\rng.h" />
    <ClInclude Include="..\..\external\bx\include\bx\semaphore.h" />
    <ClInclude Include="..\..\external\bx\include\bx\settings.h" />
    <ClInclude Include="..\..\external\bx\include\bx\simd_t.h" />
    <ClInclude Include="..\..\external\bx\include\bx\sort.h" />
    <ClInclude Include="..\..\external\bx\include\bx\spscqueue.h" />
    <ClInclude Include="..\..\external\bx\include\bx\string.h" />
    <ClInclude Include="..\..\external\bx\include\bx\thread.h" />
    <ClInclude Include="..\..\external\bx\include\bx\timer.h" />
    <ClInclude Include="..\..\external\bx\include\bx\typetraits.h" />
    <ClInclude Include="..\..\external\bx\include\bx\uint32_t.h" />
    <ClInclude Include="..\..\external\bx\include\bx\url.h" />
    <ClInclude Include="..\..\external\bx\include\compat\mingw\dirent.h" />
    <ClInclude Include="..\..\external\bx\include\compat\freebsd\alloca.h">
      <Filter>external</Filter>
    </ClInclude>
    <ClInclude Include="..\..\external\bx\include\compat\msvc\alloca.h">
      <Filter>external</Filter>
    </ClInclude>
    <ClInclude Include="..\..\external\bx\include\compat\mingw\alloca.h">
      <Filter>external</Filter>
    </ClInclude>
    <ClInclude Include="..\..\external\bx\include\compat\msvc\dirent.h">
      <Filter>external</Filter>
    </ClInclude>
    <ClInclude Include="..\..\external\bx\include\compat\freebsd\dirent.h">
      <Filter>external</Filter>
    </ClInclude>
    <ClInclude Include="..\..\external\bx\include\compat\msvc\inttypes.h">
      <Filter>external</Filter>
    </ClInclude>
    <ClInclude Include="..\..\external\bx\include\compat\osx\malloc.h">
      <Filter>external</Filter>
    </ClInclude>
    <ClInclude Include="..\..\external\bx\include\compat\ios\malloc.h">
      <Filter>external</Filter>
    </ClInclude>
    <ClInclude Include="..\..\external\bx\include\compat\freebsd\malloc.h">
      <Filter>external</Filter>
    </ClInclude>
    <ClInclude Include="..\..\external\bx\include\compat\mingw\salieri.h">
      <Filter>external</Filter>
    </ClInclude>
    <ClInclude Include="..\..\external\bx\include\compat\mingw\sal.h">
      <Filter>external</Filter>
    </ClInclude>
    <ClInclude Include="..\..\external\bx\include\compat\linux\sal.h">
      <Filter>external</Filter>
    </ClInclude>
    <ClInclude Include="..\..\external\bx\include\compat\mingw\specstrings_undef.h">
      <Filter>external</Filter>
    </ClInclude>
    <ClInclude Include="..\..\external\bx\include\compat\mingw\specstrings_strict.h">
      <Filter>external</Filter>
    </ClInclude>
    <ClInclude Include="..\..\external\bx\include\compat\freebsd\signal.h">
      <Filter>external</Filter>
    </ClInclude>
    <ClInclude Include="..\..\external\bx\include\compat\msvc\stdbool.h">
      <Filter>external</Filter>
    </ClInclude>
    <ClInclude Include="..\..\external\bx\include\compat\msvc\pre1600\stdint.h">
      <Filter>external</Filter>
    </ClInclude>
  </ItemGroup>
  <ItemGroup>
    <None Include="..\..\external\bx\include\bx\inline\allocator.inl" />
    <None Include="..\..\external\bx\include\bx\inline\bounds.inl" />
    <None Include="..\..\external\bx\include\bx\inline\bx.inl" />
    <None Include="..\..\external\bx\include\bx\inline\cpu.inl" />
    <None Include="..\..\external\bx\include\bx\inline\easing.inl" />
    <None Include="..\..\external\bx\include\bx\inline\endian.inl" />
    <None Include="..\..\external\bx\include\bx\inline\error.inl" />
    <None Include="..\..\external\bx\include\bx\inline\float4x4_t.inl" />
    <None Include="..\..\external\bx\include\bx\inline\handlealloc.inl" />
    <None Include="..\..\external\bx\include\bx\inline\hash.inl" />
    <None Include="..\..\external\bx\include\bx\inline\math.inl" />
    <None Include="..\..\external\bx\include\bx\inline\mpscqueue.inl" />
    <None Include="..\..\external\bx\include\bx\inline\mutex.inl" />
    <None Include="..\..\external\bx\include\bx\inline\os.inl" />
    <None Include="..\..\external\bx\include\bx\inline\pixelformat.inl" />
    <None Include="..\..\external\bx\include\bx\inline\readerwriter.inl" />
    <None Include="..\..\external\bx\include\bx\inline\ringbuffer.inl" />
    <None Include="..\..\external\bx\include\bx\inline\rng.inl" />
    <None Include="..\..\external\bx\include\bx\inline\simd128_langext.inl" />
    <None Include="..\..\external\bx\include\bx\inline\simd128_neon.inl" />
    <None Include="..\..\external\bx\include\bx\inline\simd128_ref.inl" />
    <None Include="..\..\external\bx\include\bx\inline\simd128_sse.inl" />
    <None Include="..\..\external\bx\include\bx\inline\simd128_swizzle.inl" />
    <None Include="..\..\external\bx\include\bx\inline\simd256_avx.inl" />
    <None Include="..\..\external\bx\include\bx\inline\simd256_ref.inl" />
    <None Include="..\..\external\bx\include\bx\inline\simd_ni.inl" />
    <None Include="..\..\external\bx\include\bx\inline\sort.inl" />
    <None Include="..\..\external\bx\include\bx\inline\spscqueue.inl" />
    <None Include="..\..\external\bx\include\bx\inline\string.inl" />
    <None Include="..\..\external\bx\include\bx\inline\typetraits.inl" />
    <None Include="..\..\external\bx\include\bx\inline\uint32_t.inl" />
  </ItemGroup>
  <ItemGroup>
    <ClCompile Include="..\..\external\bx\src\allocator.cpp">
      <Filter>src</Filter>
    </ClCompile>
    <ClCompile Include="..\..\external\bx\src\bounds.cpp">
      <Filter>src</Filter>
    </ClCompile>
    <ClCompile Include="..\..\external\bx\src\bx.cpp">
      <Filter>src</Filter>
    </ClCompile>
    <ClCompile Include="..\..\external\bx\src\commandline.cpp">
      <Filter>src</Filter>
    </ClCompile>
    <ClCompile Include="..\..\external\bx\src\crtnone.cpp">
      <Filter>src</Filter>
    </ClCompile>
    <ClCompile Include="..\..\external\bx\src\debug.cpp">
      <Filter>src</Filter>
    </ClCompile>
    <ClCompile Include="..\..\external\bx\src\dtoa.cpp">
      <Filter>src</Filter>
    </ClCompile>
    <ClCompile Include="..\..\external\bx\src\easing.cpp">
      <Filter>src</Filter>
    </ClCompile>
    <ClCompile Include="..\..\external\bx\src\file.cpp">
      <Filter>src</Filter>
    </ClCompile>
    <ClCompile Include="..\..\external\bx\src\filepath.cpp">
      <Filter>src</Filter>
    </ClCompile>
    <ClCompile Include="..\..\external\bx\src\hash.cpp">
      <Filter>src</Filter>
    </ClCompile>
    <ClCompile Include="..\..\external\bx\src\math.cpp">
      <Filter>src</Filter>
    </ClCompile>
    <ClCompile Include="..\..\external\bx\src\mutex.cpp">
      <Filter>src</Filter>
    </ClCompile>
    <ClCompile Include="..\..\external\bx\src\os.cpp">
      <Filter>src</Filter>
    </ClCompile>
    <ClCompile Include="..\..\external\bx\src\process.cpp">
      <Filter>src</Filter>
    </ClCompile>
    <ClCompile Include="..\..\external\bx\src\semaphore.cpp">
      <Filter>src</Filter>
    </ClCompile>
    <ClCompile Include="..\..\external\bx\src\settings.cpp">
      <Filter>src</Filter>
    </ClCompile>
    <ClCompile Include="..\..\external\bx\src\sort.cpp">
      <Filter>src</Filter>
    </ClCompile>
    <ClCompile Include="..\..\external\bx\src\string.cpp">
      <Filter>src</Filter>
    </ClCompile>
    <ClCompile Include="..\..\external\bx\src\thread.cpp">
      <Filter>src</Filter>
    </ClCompile>
    <ClCompile Include="..\..\external\bx\src\timer.cpp">
      <Filter>src</Filter>
    </ClCompile>
    <ClCompile Include="..\..\external\bx\src\url.cpp">
      <Filter>src</Filter>
    </ClCompile>
  </ItemGroup>
  <ItemGroup>
    <Filter Include="src">
      <UniqueIdentifier>{e9be9f17-2744-4442-8a0d-252785d0a1cb}</UniqueIdentifier>
    </Filter>
    <Filter Include="external">
      <UniqueIdentifier>{060a2170-2e1c-4e5a-bbcc-ae5c7db0262c}</UniqueIdentifier>
    </Filter>
  </ItemGroup>
</Project>