<?xml version="1.0" encoding="utf-8"?>
<Project ToolsVersion="4.0" xmlns="http://schemas.microsoft.com/developer/msbuild/2003">
  <ItemGroup>
    <ClInclude Include="../../sources/resource.h">
      <Filter>resources</Filter>
    </ClInclude>
    <ClInclude Include="..\..\external\stb\stb_textedit.h">
      <Filter>external\stb</Filter>
    </ClInclude>
    <ClInclude Include="..\..\external\stb\stb_truetype.h">
      <Filter>external\stb</Filter>
    </ClInclude>
    <ClInclude Include="..\..\external\stb\stb_rect_pack.h">
      <Filter>external\stb</Filter>
    </ClInclude>
    <ClInclude Include="..\..\external\glfw\include\GLFW\glfw3.h">
      <Filter>external\glfw</Filter>
    </ClInclude>
    <ClInclude Include="..\..\external\glfw\include\GLFW\glfw3native.h">
      <Filter>external\glfw</Filter>
    </ClInclude>
    <ClInclude Include="..\..\external\stb\stb_image.h">
      <Filter>external\stb</Filter>
    </ClInclude>
    <ClInclude Include="..\..\external\libcurl\include\curl\urlapi.h">
      <Filter>external\curl</Filter>
    </ClInclude>
    <ClInclude Include="..\..\external\libcurl\include\curl\curl.h">
      <Filter>external\curl</Filter>
    </ClInclude>
    <ClInclude Include="..\..\external\libcurl\include\curl\curlver.h">
      <Filter>external\curl</Filter>
    </ClInclude>
    <ClInclude Include="..\..\external\libcurl\include\curl\easy.h">
      <Filter>external\curl</Filter>
    </ClInclude>
    <ClInclude Include="..\..\external\libcurl\include\curl\header.h">
      <Filter>external\curl</Filter>
    </ClInclude>
    <ClInclude Include="..\..\external\libcurl\include\curl\mprintf.h">
      <Filter>external\curl</Filter>
    </ClInclude>
    <ClInclude Include="..\..\external\libcurl\include\curl\multi.h">
      <Filter>external\curl</Filter>
    </ClInclude>
    <ClInclude Include="..\..\external\libcurl\include\curl\options.h">
      <Filter>external\curl</Filter>
    </ClInclude>
    <ClInclude Include="..\..\external\libcurl\include\curl\stdcheaders.h">
      <Filter>external\curl</Filter>
    </ClInclude>
    <ClInclude Include="..\..\external\libcurl\include\curl\system.h">
      <Filter>external\curl</Filter>
    </ClInclude>
    <ClInclude Include="..\..\external\libcurl\include\curl\typecheck-gcc.h">
      <Filter>external\curl</Filter>
    </ClInclude>
    <ClInclude Include="..\..\sources\stock.h">
      <Filter>app</Filter>
    </ClInclude>
    <ClInclude Include="..\..\sources\symbols.h">
      <Filter>app</Filter>
    </ClInclude>
    <ClInclude Include="..\..\sources\eod.h">
      <Filter>app</Filter>
    </ClInclude>
    <ClInclude Include="..\..\sources\report.h">
      <Filter>app</Filter>
    </ClInclude>
    <ClInclude Include="..\..\sources\framework\common.h">
      <Filter>framework</Filter>
    </ClInclude>
    <ClInclude Include="..\..\sources\framework\config.h">
      <Filter>framework</Filter>
    </ClInclude>
    <ClInclude Include="..\..\sources\version.h">
      <Filter>app</Filter>
    </ClInclude>
    <ClInclude Include="..\..\sources\framework\handle.h">
      <Filter>framework</Filter>
    </ClInclude>
    <ClInclude Include="..\..\sources\framework\progress.h">
      <Filter>framework</Filter>
    </ClInclude>
    <ClInclude Include="..\..\sources\framework\query.h">
      <Filter>framework</Filter>
    </ClInclude>
    <ClInclude Include="..\..\sources\framework\scoped_mutex.h">
      <Filter>framework</Filter>
    </ClInclude>
    <ClInclude Include="..\..\sources\framework\scoped_string.h">
      <Filter>framework</Filter>
    </ClInclude>
    <ClInclude Include="..\..\sources\framework\string_table.h">
      <Filter>framework</Filter>
    </ClInclude>
    <ClInclude Include="..\..\sources\framework\session.h">
      <Filter>framework</Filter>
    </ClInclude>
    <ClInclude Include="..\..\sources\framework\option.h">
      <Filter>framework</Filter>
    </ClInclude>
    <ClInclude Include="..\..\sources\pattern.h">
      <Filter>app</Filter>
    </ClInclude>
    <ClInclude Include="..\..\sources\framework\jobs.h">
      <Filter>framework</Filter>
    </ClInclude>
    <ClInclude Include="..\..\sources\settings.h">
      <Filter>app</Filter>
    </ClInclude>
    <ClInclude Include="..\..\sources\title.h">
      <Filter>app</Filter>
    </ClInclude>
    <ClInclude Include="..\..\sources\framework\generics.h">
      <Filter>framework</Filter>
    </ClInclude>
    <ClInclude Include="..\..\sources\framework\function.h">
      <Filter>framework</Filter>
    </ClInclude>
    <ClInclude Include="..\..\sources\wallet.h">
      <Filter>app</Filter>
    </ClInclude>
    <ClInclude Include="..\..\sources\bulk.h">
      <Filter>app</Filter>
    </ClInclude>
    <ClInclude Include="..\..\sources\framework\service.h">
      <Filter>framework</Filter>
    </ClInclude>
    <ClInclude Include="..\..\sources\framework\table.h">
      <Filter>framework</Filter>
    </ClInclude>
    <ClInclude Include="..\..\sources\framework\tabs.h">
      <Filter>framework</Filter>
    </ClInclude>
    <ClInclude Include="..\..\sources\framework\concurrent_queue.h">
      <Filter>framework</Filter>
    </ClInclude>
    <ClInclude Include="..\..\sources\framework\shared_mutex.h">
      <Filter>framework</Filter>
    </ClInclude>
    <ClInclude Include="..\..\sources\framework\dispatcher.h">
      <Filter>framework</Filter>
    </ClInclude>
    <ClInclude Include="..\..\sources\framework\profiler.h">
      <Filter>framework</Filter>
    </ClInclude>
    <ClInclude Include="..\..\sources\framework\query_json.h">
      <Filter>framework</Filter>
    </ClInclude>
    <ClInclude Include="..\..\external\mnyfmt.h">
      <Filter>external\mnyfmt</Filter>
    </ClInclude>
    <ClInclude Include="..\..\sources\tests\test_utils.h">
      <Filter>tests</Filter>
    </ClInclude>
    <ClInclude Include="..\..\sources\events.h">
      <Filter>app</Filter>
    </ClInclude>
    <ClInclude Include="..\..\sources\framework\expr.h">
      <Filter>framework</Filter>
    </ClInclude>
    <ClInclude Include="..\..\sources\framework\math.h">
      <Filter>framework</Filter>
    </ClInclude>
    <ClInclude Include="..\..\sources\framework\console.h">
      <Filter>framework</Filter>
    </ClInclude>
    <ClInclude Include="..\..\sources\framework\imgui.h">
      <Filter>framework</Filter>
    </ClInclude>
    <ClInclude Include="..\..\sources\framework\glfw.h">
      <Filter>framework</Filter>
    </ClInclude>
    <ClInclude Include="..\..\sources\logo.h">
      <Filter>app</Filter>
    </ClInclude>
    <ClInclude Include="..\..\sources\realtime.h">
      <Filter>app</Filter>
    </ClInclude>
    <ClInclude Include="..\..\sources\framework\database.h">
      <Filter>framework</Filter>
    </ClInclude>
    <ClInclude Include="..\..\sources\indicators.h">
      <Filter>app</Filter>
    </ClInclude>
  </ItemGroup>
  <ItemGroup>
    <ClCompile Include="..\..\sources\stock.cpp">
      <Filter>app</Filter>
    </ClCompile>
    <ClCompile Include="..\..\sources\symbols.cpp">
      <Filter>app</Filter>
    </ClCompile>
    <ClCompile Include="..\..\sources\eod.cpp">
      <Filter>app</Filter>
    </ClCompile>
    <ClCompile Include="..\..\sources\report.cpp">
      <Filter>app</Filter>
    </ClCompile>
    <ClCompile Include="..\..\sources\framework\boot.cpp">
      <Filter>framework</Filter>
    </ClCompile>
    <ClCompile Include="..\..\sources\framework\common.cpp">
      <Filter>framework</Filter>
    </ClCompile>
    <ClCompile Include="..\..\sources\framework\config.cpp">
      <Filter>framework</Filter>
    </ClCompile>
    <ClCompile Include="..\..\sources\framework\progress.cpp">
      <Filter>framework</Filter>
    </ClCompile>
    <ClCompile Include="..\..\sources\framework\query.cpp">
      <Filter>framework</Filter>
    </ClCompile>
    <ClCompile Include="..\..\sources\framework\string_table.cpp">
      <Filter>framework</Filter>
    </ClCompile>
    <ClCompile Include="..\..\sources\framework\session.cpp">
      <Filter>framework</Filter>
    </ClCompile>
    <ClCompile Include="..\..\sources\framework\option.cpp">
      <Filter>framework</Filter>
    </ClCompile>
    <ClCompile Include="..\..\sources\pattern.cpp">
      <Filter>app</Filter>
    </ClCompile>
    <ClCompile Include="..\..\sources\framework\jobs.cpp">
      <Filter>framework</Filter>
    </ClCompile>
    <ClCompile Include="..\..\sources\settings.cpp">
      <Filter>app</Filter>
    </ClCompile>
    <ClCompile Include="..\..\sources\title.cpp">
      <Filter>app</Filter>
    </ClCompile>
    <ClCompile Include="..\..\sources\app.cpp">
      <Filter>app</Filter>
    </ClCompile>
    <ClCompile Include="..\..\sources\wallet.cpp">
      <Filter>app</Filter>
    </ClCompile>
    <ClCompile Include="..\..\sources\bulk.cpp">
      <Filter>app</Filter>
    </ClCompile>
    <ClCompile Include="..\..\sources\report_transactions.cpp">
      <Filter>app</Filter>
    </ClCompile>
    <ClCompile Include="..\..\sources\framework\service.cpp">
      <Filter>framework</Filter>
    </ClCompile>
    <ClCompile Include="..\..\sources\framework\table.cpp">
      <Filter>framework</Filter>
    </ClCompile>
    <ClCompile Include="..\..\sources\framework\tabs.cpp">
      <Filter>framework</Filter>
    </ClCompile>
    <ClCompile Include="..\..\sources\framework\query_mock.cpp">
      <Filter>framework</Filter>
    </ClCompile>
    <ClCompile Include="..\..\sources\framework\shared_mutex.cpp">
      <Filter>framework</Filter>
    </ClCompile>
    <ClCompile Include="..\..\sources\framework\dispatcher.cpp">
      <Filter>framework</Filter>
    </ClCompile>
    <ClCompile Include="..\..\sources\framework\profiler.cpp">
      <Filter>framework</Filter>
    </ClCompile>
    <ClCompile Include="..\..\sources\framework\query_json.cpp">
      <Filter>framework</Filter>
    </ClCompile>
    <ClCompile Include="..\..\external\mnyfmt.c">
      <Filter>external\mnyfmt</Filter>
    </ClCompile>
    <ClCompile Include="..\..\sources\tests\boot_tests.cpp">
      <Filter>tests</Filter>
    </ClCompile>
    <ClCompile Include="..\..\sources\tests\config_tests.cpp">
      <Filter>tests</Filter>
    </ClCompile>
    <ClCompile Include="..\..\sources\tests\imgui_tests.cpp">
      <Filter>tests</Filter>
    </ClCompile>
    <ClCompile Include="..\..\sources\tests\test_runner.cpp">
      <Filter>tests</Filter>
    </ClCompile>
    <ClCompile Include="..\..\sources\tests\test_utils.cpp">
      <Filter>tests</Filter>
    </ClCompile>
    <ClCompile Include="..\..\sources\report_expr.cpp">
      <Filter>app</Filter>
    </ClCompile>
    <ClCompile Include="..\..\sources\framework\expr_math.cpp">
      <Filter>framework</Filter>
    </ClCompile>
    <ClCompile Include="..\..\sources\framework\expr.cpp">
      <Filter>framework</Filter>
    </ClCompile>
    <ClCompile Include="..\..\sources\framework\console.cpp">
      <Filter>framework</Filter>
    </ClCompile>
    <ClCompile Include="..\..\sources\framework\imgui.cpp">
      <Filter>framework</Filter>
    </ClCompile>
    <ClCompile Include="..\..\sources\framework\math.cpp">
      <Filter>framework</Filter>
    </ClCompile>
    <ClCompile Include="..\..\sources\framework\glfw.cpp">
      <Filter>framework</Filter>
    </ClCompile>
    <ClCompile Include="..\..\sources\tests\generics_tests.cpp">
      <Filter>tests</Filter>
    </ClCompile>
    <ClCompile Include="..\..\sources\logo.cpp">
      <Filter>app</Filter>
    </ClCompile>
    <ClCompile Include="..\..\external\stb\stb.c">
      <Filter>external\stb</Filter>
    </ClCompile>
    <ClCompile Include="..\..\sources\realtime.cpp">
      <Filter>app</Filter>
    </ClCompile>
    <ClCompile Include="..\..\sources\tests\database_tests.cpp">
      <Filter>tests</Filter>
    </ClCompile>
    <ClCompile Include="..\..\sources\tests\stock_tests.cpp">
      <Filter>tests</Filter>
    </ClCompile>
    <ClCompile Include="..\..\sources\report_orders.cpp">
      <Filter>app</Filter>
    </ClCompile>
    <ClCompile Include="..\..\sources\tests\dispatcher_tests.cpp">
      <Filter>tests</Filter>
    </ClCompile>
    <ClCompile Include="..\..\sources\indicators.cpp">
      <Filter>app</Filter>
    </ClCompile>
  </ItemGroup>
  <ItemGroup>
    <Image Include="../../resources/main.ico">
      <Filter>resources</Filter>
    </Image>
  </ItemGroup>
  <ItemGroup>
    <Filter Include="resources">
      <UniqueIdentifier>{35083005-438b-4d88-8da1-f5fb7ab40b34}</UniqueIdentifier>
    </Filter>
    <Filter Include="external">
      <UniqueIdentifier>{82d423fc-145a-4410-93ce-f155372c6010}</UniqueIdentifier>
    </Filter>
    <Filter Include="external\stb">
      <UniqueIdentifier>{7aaa8f4f-dfd8-43eb-9eb0-d78ca904cccc}</UniqueIdentifier>
    </Filter>
    <Filter Include="external\glfw">
      <UniqueIdentifier>{6276239a-1e66-412a-9098-502415482909}</UniqueIdentifier>
    </Filter>
    <Filter Include="framework">
      <UniqueIdentifier>{914dfb81-cb29-4599-b452-2d53fd744d1e}</UniqueIdentifier>
    </Filter>
    <Filter Include="external\curl">
      <UniqueIdentifier>{d1357e0b-f4c3-4d13-b16e-ebe9e99edf57}</UniqueIdentifier>
    </Filter>
    <Filter Include="app">
      <UniqueIdentifier>{00d5ff6d-f544-4c0e-8a09-1c419b01f714}</UniqueIdentifier>
    </Filter>
    <Filter Include="external\mnyfmt">
      <UniqueIdentifier>{4d59a275-c4d2-4982-b56a-fc577486c61f}</UniqueIdentifier>
    </Filter>
    <Filter Include="tests">
      <UniqueIdentifier>{5f0b09dc-f66f-41ce-9418-3b16548735c9}</UniqueIdentifier>
    </Filter>
  </ItemGroup>
  <ItemGroup>
    <ResourceCompile Include="../../sources/app.rc">
      <Filter>resources</Filter>
    </ResourceCompile>
  </ItemGroup>
  <ItemGroup>
    <Natvis Include="app.natvis">
      <Filter>resources</Filter>
    </Natvis>
    <Natvis Include="bgfx.natvis">
      <Filter>resources</Filter>
    </Natvis>
    <Natvis Include="bx.natvis">
      <Filter>resources</Filter>
    </Natvis>
  </ItemGroup>
  <ItemGroup>
    <Manifest Include="..\..\resources\main.manifest">
      <Filter>resources</Filter>
    </Manifest>
  </ItemGroup>
  <ItemGroup>
    <Font Include="..\..\resources\JetBrainsMono-ExtraLight.ttf">
      <Filter>resources</Filter>
    </Font>
  </ItemGroup>
</Project>