// !$*UTF8*$!
{
	archiveVersion = 1;
	classes = {
	};
	objectVersion = 48;
	objects = {

/* Begin PBXBuildFile section */
		8D462FCDF90C8CE942681A4C /* libbx.a in Frameworks */ = {isa = PBXBuildFile; fileRef = A53F8E4891528EA13A3C6B8E /* libbx.a */; };
		B9192B6929199D78002228F4 /* glcontext_eagl.mm in Sources */ = {isa = PBXBuildFile; fileRef = B9192B1629199D78002228F4 /* glcontext_eagl.mm */; };
		B9192B6B29199D78002228F4 /* nvapi.cpp in Sources */ = {isa = PBXBuildFile; fileRef = B9192B1A29199D78002228F4 /* nvapi.cpp */; };
		B9192B6C29199D78002228F4 /* renderer_agc.cpp in Sources */ = {isa = PBXBuildFile; fileRef = B9192B1D29199D78002228F4 /* renderer_agc.cpp */; };
		B9192B6E29199D78002228F4 /* vertexlayout.cpp in Sources */ = {isa = PBXBuildFile; fileRef = B9192B1F29199D78002228F4 /* vertexlayout.cpp */; };
		B9192B6F29199D78002228F4 /* glcontext_glx.cpp in Sources */ = {isa = PBXBuildFile; fileRef = B9192B2029199D78002228F4 /* glcontext_glx.cpp */; };
		B9192B7129199D78002228F4 /* glcontext_egl.cpp in Sources */ = {isa = PBXBuildFile; fileRef = B9192B2329199D78002228F4 /* glcontext_egl.cpp */; };
		B9192B7229199D78002228F4 /* renderer_vk.cpp in Sources */ = {isa = PBXBuildFile; fileRef = B9192B2429199D78002228F4 /* renderer_vk.cpp */; };
		B9192B7729199D78002228F4 /* renderer_gnm.cpp in Sources */ = {isa = PBXBuildFile; fileRef = B9192B2A29199D78002228F4 /* renderer_gnm.cpp */; };
		B9192B7829199D78002228F4 /* shader_spirv.cpp in Sources */ = {isa = PBXBuildFile; fileRef = B9192B2C29199D78002228F4 /* shader_spirv.cpp */; };
		B9192B7C29199D78002228F4 /* renderer_webgpu.cpp in Sources */ = {isa = PBXBuildFile; fileRef = B9192B3429199D78002228F4 /* renderer_webgpu.cpp */; };
		B9192B7D29199D78002228F4 /* shader.cpp in Sources */ = {isa = PBXBuildFile; fileRef = B9192B3729199D78002228F4 /* shader.cpp */; };
		B9192B7E29199D78002228F4 /* bgfx.cpp in Sources */ = {isa = PBXBuildFile; fileRef = B9192B3B29199D78002228F4 /* bgfx.cpp */; };
		B9192B7F29199D78002228F4 /* renderer_mtl.mm in Sources */ = {isa = PBXBuildFile; fileRef = B9192B3C29199D78002228F4 /* renderer_mtl.mm */; };
		B9192B8129199D78002228F4 /* glcontext_html5.cpp in Sources */ = {isa = PBXBuildFile; fileRef = B9192B4229199D78002228F4 /* glcontext_html5.cpp */; };
		B9192B8429199D78002228F4 /* glcontext_wgl.cpp in Sources */ = {isa = PBXBuildFile; fileRef = B9192B4E29199D78002228F4 /* glcontext_wgl.cpp */; };
		B9192B8629199D78002228F4 /* topology.cpp in Sources */ = {isa = PBXBuildFile; fileRef = B9192B5229199D78002228F4 /* topology.cpp */; };
		B9192B8A29199D78002228F4 /* debug_renderdoc.cpp in Sources */ = {isa = PBXBuildFile; fileRef = B9192B5929199D78002228F4 /* debug_renderdoc.cpp */; };
		B9192B8C29199D78002228F4 /* renderer_noop.cpp in Sources */ = {isa = PBXBuildFile; fileRef = B9192B5D29199D78002228F4 /* renderer_noop.cpp */; };
		B9192B8D29199D78002228F4 /* glcontext_nsgl.mm in Sources */ = {isa = PBXBuildFile; fileRef = B9192B5E29199D78002228F4 /* glcontext_nsgl.mm */; };
		B9192B8F29199D78002228F4 /* renderer_nvn.cpp in Sources */ = {isa = PBXBuildFile; fileRef = B9192B6229199D78002228F4 /* renderer_nvn.cpp */; };
		B9192B9129199D78002228F4 /* renderer_gl.cpp in Sources */ = {isa = PBXBuildFile; fileRef = B9192B6429199D78002228F4 /* renderer_gl.cpp */; };
		B98816C1291A8D28001EEB9B /* shader_dx9bc.cpp in Sources */ = {isa = PBXBuildFile; fileRef = B9D17853291A8CD800F2D1C7 /* shader_dx9bc.cpp */; };
		B98816C2291A8D2F001EEB9B /* shader_dxbc.cpp in Sources */ = {isa = PBXBuildFile; fileRef = B9D17854291A8CD800F2D1C7 /* shader_dxbc.cpp */; };
		B9D17851291A8C0A00F2D1C7 /* renderer_d3d11.cpp in Sources */ = {isa = PBXBuildFile; fileRef = B9DC89C0291A871C009AEC86 /* renderer_d3d11.cpp */; };
		B9D17852291A8C1100F2D1C7 /* renderer_d3d9.cpp in Sources */ = {isa = PBXBuildFile; fileRef = B9DC89C5291A871C009AEC86 /* renderer_d3d9.cpp */; };
		B9DC89C7291A8746009AEC86 /* renderer_d3d12.cpp in Sources */ = {isa = PBXBuildFile; fileRef = B9DC89C2291A871C009AEC86 /* renderer_d3d12.cpp */; };
/* End PBXBuildFile section */

/* Begin PBXContainerItemProxy section */
		8A20061A76F54DCD9FA48DC9 /* PBXContainerItemProxy */ = {
			isa = PBXContainerItemProxy;
			containerPortal = 8FC129007B6A912FA400ADAE /* bx.xcodeproj */;
			proxyType = 2;
			remoteGlobalIDString = D5D335834140F17D0A3489DB;
			remoteInfo = libbxDebug.a;
		};
		E458C0E5D02D0899F9DC4795 /* PBXContainerItemProxy */ = {
			isa = PBXContainerItemProxy;
			containerPortal = 8FC129007B6A912FA400ADAE /* bx.xcodeproj */;
			proxyType = 1;
			remoteGlobalIDString = 1B1D4BC607ACD48FB0CAE88A;
			remoteInfo = libbxDebug.a;
		};
/* End PBXContainerItemProxy section */

/* Begin PBXFileReference section */
		02DC17D86E13606F771DC492 /* libbgfx.a */ = {isa = PBXFileReference; explicitFileType = archive.ar; includeInIndex = 0; path = libbgfx.a; sourceTree = BUILT_PRODUCTS_DIR; };
		8FC129007B6A912FA400ADAE /* bx.xcodeproj */ = {isa = PBXFileReference; lastKnownFileType = "wrapper.pb-project"; path = bx.xcodeproj; sourceTree = SOURCE_ROOT; };
		B9192B0929199D78002228F4 /* bgfx.h */ = {isa = PBXFileReference; fileEncoding = 4; lastKnownFileType = sourcecode.c.h; path = bgfx.h; sourceTree = "<group>"; };
		B9192B0A29199D78002228F4 /* defines.h */ = {isa = PBXFileReference; fileEncoding = 4; lastKnownFileType = sourcecode.c.h; path = defines.h; sourceTree = "<group>"; };
		B9192B0B29199D78002228F4 /* bgfx.h */ = {isa = PBXFileReference; fileEncoding = 4; lastKnownFileType = sourcecode.c.h; path = bgfx.h; sourceTree = "<group>"; };
		B9192B0C29199D78002228F4 /* embedded_shader.h */ = {isa = PBXFileReference; fileEncoding = 4; lastKnownFileType = sourcecode.c.h; path = embedded_shader.h; sourceTree = "<group>"; };
		B9192B0D29199D78002228F4 /* platform.h */ = {isa = PBXFileReference; fileEncoding = 4; lastKnownFileType = sourcecode.c.h; path = platform.h; sourceTree = "<group>"; };
		B9192B1129199D78002228F4 /* fs_clear3.sc */ = {isa = PBXFileReference; fileEncoding = 4; lastKnownFileType = text; path = fs_clear3.sc; sourceTree = "<group>"; };
		B9192B1229199D78002228F4 /* renderer_gl.h */ = {isa = PBXFileReference; fileEncoding = 4; lastKnownFileType = sourcecode.c.h; path = renderer_gl.h; sourceTree = "<group>"; };
		B9192B1429199D78002228F4 /* fs_debugfont.bin.h */ = {isa = PBXFileReference; fileEncoding = 4; lastKnownFileType = sourcecode.c.h; path = fs_debugfont.bin.h; sourceTree = "<group>"; };
		B9192B1529199D78002228F4 /* fs_clear7.sc */ = {isa = PBXFileReference; fileEncoding = 4; lastKnownFileType = text; path = fs_clear7.sc; sourceTree = "<group>"; };
		B9192B1629199D78002228F4 /* glcontext_eagl.mm */ = {isa = PBXFileReference; fileEncoding = 4; lastKnownFileType = sourcecode.cpp.objcpp; path = glcontext_eagl.mm; sourceTree = "<group>"; };
		B9192B1729199D78002228F4 /* version.h */ = {isa = PBXFileReference; fileEncoding = 4; lastKnownFileType = sourcecode.c.h; path = version.h; sourceTree = "<group>"; };
		B9192B1829199D78002228F4 /* shader.h */ = {isa = PBXFileReference; fileEncoding = 4; lastKnownFileType = sourcecode.c.h; path = shader.h; sourceTree = "<group>"; };
		B9192B1929199D78002228F4 /* fs_clear6.sc */ = {isa = PBXFileReference; fileEncoding = 4; lastKnownFileType = text; path = fs_clear6.sc; sourceTree = "<group>"; };
		B9192B1A29199D78002228F4 /* nvapi.cpp */ = {isa = PBXFileReference; fileEncoding = 4; lastKnownFileType = sourcecode.cpp.cpp; path = nvapi.cpp; sourceTree = "<group>"; };
		B9192B1B29199D78002228F4 /* renderer_webgpu.h */ = {isa = PBXFileReference; fileEncoding = 4; lastKnownFileType = sourcecode.c.h; path = renderer_webgpu.h; sourceTree = "<group>"; };
		B9192B1C29199D78002228F4 /* vs_debugfont.bin.h */ = {isa = PBXFileReference; fileEncoding = 4; lastKnownFileType = sourcecode.c.h; path = vs_debugfont.bin.h; sourceTree = "<group>"; };
		B9192B1D29199D78002228F4 /* renderer_agc.cpp */ = {isa = PBXFileReference; fileEncoding = 4; lastKnownFileType = sourcecode.cpp.cpp; path = renderer_agc.cpp; sourceTree = "<group>"; };
		B9192B1E29199D78002228F4 /* varying.def.sc */ = {isa = PBXFileReference; fileEncoding = 4; lastKnownFileType = text; path = varying.def.sc; sourceTree = "<group>"; };
		B9192B1F29199D78002228F4 /* vertexlayout.cpp */ = {isa = PBXFileReference; fileEncoding = 4; lastKnownFileType = sourcecode.cpp.cpp; path = vertexlayout.cpp; sourceTree = "<group>"; };
		B9192B2029199D78002228F4 /* glcontext_glx.cpp */ = {isa = PBXFileReference; fileEncoding = 4; lastKnownFileType = sourcecode.cpp.cpp; path = glcontext_glx.cpp; sourceTree = "<group>"; };
		B9192B2129199D78002228F4 /* fs_clear2.sc */ = {isa = PBXFileReference; fileEncoding = 4; lastKnownFileType = text; path = fs_clear2.sc; sourceTree = "<group>"; };
		B9192B2229199D78002228F4 /* config.h */ = {isa = PBXFileReference; fileEncoding = 4; lastKnownFileType = sourcecode.c.h; path = config.h; sourceTree = "<group>"; };
		B9192B2329199D78002228F4 /* glcontext_egl.cpp */ = {isa = PBXFileReference; fileEncoding = 4; lastKnownFileType = sourcecode.cpp.cpp; path = glcontext_egl.cpp; sourceTree = "<group>"; };
		B9192B2429199D78002228F4 /* renderer_vk.cpp */ = {isa = PBXFileReference; fileEncoding = 4; lastKnownFileType = sourcecode.cpp.cpp; path = renderer_vk.cpp; sourceTree = "<group>"; };
		B9192B2629199D78002228F4 /* renderer_mtl.h */ = {isa = PBXFileReference; fileEncoding = 4; lastKnownFileType = sourcecode.c.h; path = renderer_mtl.h; sourceTree = "<group>"; };
		B9192B2929199D78002228F4 /* bgfx_compute.sh */ = {isa = PBXFileReference; fileEncoding = 4; lastKnownFileType = text.script.sh; path = bgfx_compute.sh; sourceTree = "<group>"; };
		B9192B2A29199D78002228F4 /* renderer_gnm.cpp */ = {isa = PBXFileReference; fileEncoding = 4; lastKnownFileType = sourcecode.cpp.cpp; path = renderer_gnm.cpp; sourceTree = "<group>"; };
		B9192B2C29199D78002228F4 /* shader_spirv.cpp */ = {isa = PBXFileReference; fileEncoding = 4; lastKnownFileType = sourcecode.cpp.cpp; path = shader_spirv.cpp; sourceTree = "<group>"; };
		B9192B2D29199D78002228F4 /* charset.h */ = {isa = PBXFileReference; fileEncoding = 4; lastKnownFileType = sourcecode.c.h; path = charset.h; sourceTree = "<group>"; };
		B9192B2E29199D78002228F4 /* renderer.h */ = {isa = PBXFileReference; fileEncoding = 4; lastKnownFileType = sourcecode.c.h; path = renderer.h; sourceTree = "<group>"; };
		B9192B3129199D78002228F4 /* vs_debugfont.sc */ = {isa = PBXFileReference; fileEncoding = 4; lastKnownFileType = text; path = vs_debugfont.sc; sourceTree = "<group>"; };
		B9192B3229199D78002228F4 /* glimports.h */ = {isa = PBXFileReference; fileEncoding = 4; lastKnownFileType = sourcecode.c.h; path = glimports.h; sourceTree = "<group>"; };
		B9192B3429199D78002228F4 /* renderer_webgpu.cpp */ = {isa = PBXFileReference; fileEncoding = 4; lastKnownFileType = sourcecode.cpp.cpp; path = renderer_webgpu.cpp; sourceTree = "<group>"; };
		B9192B3529199D78002228F4 /* emscripten.h */ = {isa = PBXFileReference; fileEncoding = 4; lastKnownFileType = sourcecode.c.h; path = emscripten.h; sourceTree = "<group>"; };
		B9192B3629199D78002228F4 /* glcontext_glx.h */ = {isa = PBXFileReference; fileEncoding = 4; lastKnownFileType = sourcecode.c.h; path = glcontext_glx.h; sourceTree = "<group>"; };
		B9192B3729199D78002228F4 /* shader.cpp */ = {isa = PBXFileReference; fileEncoding = 4; lastKnownFileType = sourcecode.cpp.cpp; path = shader.cpp; sourceTree = "<group>"; };
		B9192B3829199D78002228F4 /* glcontext_html5.h */ = {isa = PBXFileReference; fileEncoding = 4; lastKnownFileType = sourcecode.c.h; path = glcontext_html5.h; sourceTree = "<group>"; };
		B9192B3929199D78002228F4 /* fs_clear0.bin.h */ = {isa = PBXFileReference; fileEncoding = 4; lastKnownFileType = sourcecode.c.h; path = fs_clear0.bin.h; sourceTree = "<group>"; };
		B9192B3A29199D78002228F4 /* glcontext_eagl.h */ = {isa = PBXFileReference; fileEncoding = 4; lastKnownFileType = sourcecode.c.h; path = glcontext_eagl.h; sourceTree = "<group>"; };
		B9192B3B29199D78002228F4 /* bgfx.cpp */ = {isa = PBXFileReference; fileEncoding = 4; lastKnownFileType = sourcecode.cpp.cpp; path = bgfx.cpp; sourceTree = "<group>"; };
		B9192B3C29199D78002228F4 /* renderer_mtl.mm */ = {isa = PBXFileReference; fileEncoding = 4; lastKnownFileType = sourcecode.cpp.objcpp; path = renderer_mtl.mm; sourceTree = "<group>"; };
		B9192B3D29199D78002228F4 /* glcontext_wgl.h */ = {isa = PBXFileReference; fileEncoding = 4; lastKnownFileType = sourcecode.c.h; path = glcontext_wgl.h; sourceTree = "<group>"; };
		B9192B3F29199D78002228F4 /* fs_debugfont.sc */ = {isa = PBXFileReference; fileEncoding = 4; lastKnownFileType = text; path = fs_debugfont.sc; sourceTree = "<group>"; };
		B9192B4029199D78002228F4 /* debug_renderdoc.h */ = {isa = PBXFileReference; fileEncoding = 4; lastKnownFileType = sourcecode.c.h; path = debug_renderdoc.h; sourceTree = "<group>"; };
		B9192B4129199D78002228F4 /* fs_clear2.bin.h */ = {isa = PBXFileReference; fileEncoding = 4; lastKnownFileType = sourcecode.c.h; path = fs_clear2.bin.h; sourceTree = "<group>"; };
		B9192B4229199D78002228F4 /* glcontext_html5.cpp */ = {isa = PBXFileReference; fileEncoding = 4; lastKnownFileType = sourcecode.cpp.cpp; path = glcontext_html5.cpp; sourceTree = "<group>"; };
		B9192B4329199D78002228F4 /* fs_clear6.bin.h */ = {isa = PBXFileReference; fileEncoding = 4; lastKnownFileType = sourcecode.c.h; path = fs_clear6.bin.h; sourceTree = "<group>"; };
		B9192B4429199D78002228F4 /* glcontext_egl.h */ = {isa = PBXFileReference; fileEncoding = 4; lastKnownFileType = sourcecode.c.h; path = glcontext_egl.h; sourceTree = "<group>"; };
		B9192B4629199D78002228F4 /* nvapi.h */ = {isa = PBXFileReference; fileEncoding = 4; lastKnownFileType = sourcecode.c.h; path = nvapi.h; sourceTree = "<group>"; };
		B9192B4729199D78002228F4 /* fs_clear4.bin.h */ = {isa = PBXFileReference; fileEncoding = 4; lastKnownFileType = sourcecode.c.h; path = fs_clear4.bin.h; sourceTree = "<group>"; };
		B9192B4829199D78002228F4 /* vs_clear.bin.h */ = {isa = PBXFileReference; fileEncoding = 4; lastKnownFileType = sourcecode.c.h; path = vs_clear.bin.h; sourceTree = "<group>"; };
		B9192B4929199D78002228F4 /* bgfx_p.h */ = {isa = PBXFileReference; fileEncoding = 4; lastKnownFileType = sourcecode.c.h; path = bgfx_p.h; sourceTree = "<group>"; };
		B9192B4A29199D78002228F4 /* bgfx_shader.sh */ = {isa = PBXFileReference; fileEncoding = 4; lastKnownFileType = text.script.sh; path = bgfx_shader.sh; sourceTree = "<group>"; };
		B9192B4B29199D78002228F4 /* fs_clear5.sc */ = {isa = PBXFileReference; fileEncoding = 4; lastKnownFileType = text; path = fs_clear5.sc; sourceTree = "<group>"; };
		B9192B4C29199D78002228F4 /* fs_clear3.bin.h */ = {isa = PBXFileReference; fileEncoding = 4; lastKnownFileType = sourcecode.c.h; path = fs_clear3.bin.h; sourceTree = "<group>"; };
		B9192B4D29199D78002228F4 /* glcontext_nsgl.h */ = {isa = PBXFileReference; fileEncoding = 4; lastKnownFileType = sourcecode.c.h; path = glcontext_nsgl.h; sourceTree = "<group>"; };
		B9192B4E29199D78002228F4 /* glcontext_wgl.cpp */ = {isa = PBXFileReference; fileEncoding = 4; lastKnownFileType = sourcecode.cpp.cpp; path = glcontext_wgl.cpp; sourceTree = "<group>"; };
		B9192B4F29199D78002228F4 /* topology.h */ = {isa = PBXFileReference; fileEncoding = 4; lastKnownFileType = sourcecode.c.h; path = topology.h; sourceTree = "<group>"; };
		B9192B5029199D78002228F4 /* fs_clear1.sc */ = {isa = PBXFileReference; fileEncoding = 4; lastKnownFileType = text; path = fs_clear1.sc; sourceTree = "<group>"; };
		B9192B5129199D78002228F4 /* fs_clear1.bin.h */ = {isa = PBXFileReference; fileEncoding = 4; lastKnownFileType = sourcecode.c.h; path = fs_clear1.bin.h; sourceTree = "<group>"; };
		B9192B5229199D78002228F4 /* topology.cpp */ = {isa = PBXFileReference; fileEncoding = 4; lastKnownFileType = sourcecode.cpp.cpp; path = topology.cpp; sourceTree = "<group>"; };
		B9192B5429199D78002228F4 /* bgfx.idl.inl */ = {isa = PBXFileReference; fileEncoding = 4; lastKnownFileType = text; path = bgfx.idl.inl; sourceTree = "<group>"; };
		B9192B5529199D78002228F4 /* shader_spirv.h */ = {isa = PBXFileReference; fileEncoding = 4; lastKnownFileType = sourcecode.c.h; path = shader_spirv.h; sourceTree = "<group>"; };
		B9192B5629199D78002228F4 /* fs_clear0.sc */ = {isa = PBXFileReference; fileEncoding = 4; lastKnownFileType = text; path = fs_clear0.sc; sourceTree = "<group>"; };
		B9192B5829199D78002228F4 /* vertexlayout.h */ = {isa = PBXFileReference; fileEncoding = 4; lastKnownFileType = sourcecode.c.h; path = vertexlayout.h; sourceTree = "<group>"; };
		B9192B5929199D78002228F4 /* debug_renderdoc.cpp */ = {isa = PBXFileReference; fileEncoding = 4; lastKnownFileType = sourcecode.cpp.cpp; path = debug_renderdoc.cpp; sourceTree = "<group>"; };
		B9192B5A29199D78002228F4 /* vs_clear.sc */ = {isa = PBXFileReference; fileEncoding = 4; lastKnownFileType = text; path = vs_clear.sc; sourceTree = "<group>"; };
		B9192B5B29199D78002228F4 /* fs_clear5.bin.h */ = {isa = PBXFileReference; fileEncoding = 4; lastKnownFileType = sourcecode.c.h; path = fs_clear5.bin.h; sourceTree = "<group>"; };
		B9192B5C29199D78002228F4 /* renderer_vk.h */ = {isa = PBXFileReference; fileEncoding = 4; lastKnownFileType = sourcecode.c.h; path = renderer_vk.h; sourceTree = "<group>"; };
		B9192B5D29199D78002228F4 /* renderer_noop.cpp */ = {isa = PBXFileReference; fileEncoding = 4; lastKnownFileType = sourcecode.cpp.cpp; path = renderer_noop.cpp; sourceTree = "<group>"; };
		B9192B5E29199D78002228F4 /* glcontext_nsgl.mm */ = {isa = PBXFileReference; fileEncoding = 4; lastKnownFileType = sourcecode.cpp.objcpp; path = glcontext_nsgl.mm; sourceTree = "<group>"; };
		B9192B5F29199D78002228F4 /* fs_clear7.bin.h */ = {isa = PBXFileReference; fileEncoding = 4; lastKnownFileType = sourcecode.c.h; path = fs_clear7.bin.h; sourceTree = "<group>"; };
		B9192B6229199D78002228F4 /* renderer_nvn.cpp */ = {isa = PBXFileReference; fileEncoding = 4; lastKnownFileType = sourcecode.cpp.cpp; path = renderer_nvn.cpp; sourceTree = "<group>"; };
		B9192B6329199D78002228F4 /* fs_clear4.sc */ = {isa = PBXFileReference; fileEncoding = 4; lastKnownFileType = text; path = fs_clear4.sc; sourceTree = "<group>"; };
		B9192B6429199D78002228F4 /* renderer_gl.cpp */ = {isa = PBXFileReference; fileEncoding = 4; lastKnownFileType = sourcecode.cpp.cpp; path = renderer_gl.cpp; sourceTree = "<group>"; };
		B9D17853291A8CD800F2D1C7 /* shader_dx9bc.cpp */ = {isa = PBXFileReference; lastKnownFileType = sourcecode.cpp.cpp; path = shader_dx9bc.cpp; sourceTree = "<group>"; };
		B9D17854291A8CD800F2D1C7 /* shader_dxbc.cpp */ = {isa = PBXFileReference; lastKnownFileType = sourcecode.cpp.cpp; path = shader_dxbc.cpp; sourceTree = "<group>"; };
		B9D17855291A8CD800F2D1C7 /* shader_dxbc.h */ = {isa = PBXFileReference; lastKnownFileType = sourcecode.c.h; path = shader_dxbc.h; sourceTree = "<group>"; };
		B9D17856291A8CD800F2D1C7 /* shader_dx9bc.h */ = {isa = PBXFileReference; lastKnownFileType = sourcecode.c.h; path = shader_dx9bc.h; sourceTree = "<group>"; };
		B9DC89C0291A871C009AEC86 /* renderer_d3d11.cpp */ = {isa = PBXFileReference; lastKnownFileType = sourcecode.cpp.cpp; path = renderer_d3d11.cpp; sourceTree = "<group>"; };
		B9DC89C1291A871C009AEC86 /* renderer_d3d11.h */ = {isa = PBXFileReference; lastKnownFileType = sourcecode.c.h; path = renderer_d3d11.h; sourceTree = "<group>"; };
		B9DC89C2291A871C009AEC86 /* renderer_d3d12.cpp */ = {isa = PBXFileReference; lastKnownFileType = sourcecode.cpp.cpp; path = renderer_d3d12.cpp; sourceTree = "<group>"; };
		B9DC89C3291A871C009AEC86 /* renderer_d3d9.h */ = {isa = PBXFileReference; lastKnownFileType = sourcecode.c.h; path = renderer_d3d9.h; sourceTree = "<group>"; };
		B9DC89C4291A871C009AEC86 /* renderer_d3d12.h */ = {isa = PBXFileReference; lastKnownFileType = sourcecode.c.h; path = renderer_d3d12.h; sourceTree = "<group>"; };
		B9DC89C5291A871C009AEC86 /* renderer_d3d9.cpp */ = {isa = PBXFileReference; lastKnownFileType = sourcecode.cpp.cpp; path = renderer_d3d9.cpp; sourceTree = "<group>"; };
		B9DC89C6291A871C009AEC86 /* renderer_d3d.h */ = {isa = PBXFileReference; lastKnownFileType = sourcecode.c.h; path = renderer_d3d.h; sourceTree = "<group>"; };
/* End PBXFileReference section */

/* Begin PBXFrameworksBuildPhase section */
		4FEDBE12BB5DC18B847C3B14 /* Frameworks */ = {
			isa = PBXFrameworksBuildPhase;
			buildActionMask = 2147483647;
			files = (
				8D462FCDF90C8CE942681A4C /* libbx.a in Frameworks */,
			);
			runOnlyForDeploymentPostprocessing = 0;
		};
/* End PBXFrameworksBuildPhase section */

/* Begin PBXGroup section */
		69D98AD8D5C075CEDEAE774A /* Products */ = {
			isa = PBXGroup;
			children = (
				A53F8E4891528EA13A3C6B8E /* libbx.a */,
			);
			name = Products;
			sourceTree = "<group>";
		};
		96F61A2A02B79660CBF1DFDD /* bgfx */ = {
			isa = PBXGroup;
			children = (
				B9192B0529199D78002228F4 /* bgfx */,
				CA4A659F36AC42ADBF19895F /* Products */,
				E11336DD4D7513EBD6E2599D /* Projects */,
			);
			name = bgfx;
			path = .;
			sourceTree = "<group>";
		};
		B9192B0529199D78002228F4 /* bgfx */ = {
			isa = PBXGroup;
			children = (
				B9192B0629199D78002228F4 /* include */,
				B9192B0E29199D78002228F4 /* src */,
			);
			name = bgfx;
			path = ../../external/bgfx;
			sourceTree = "<group>";
		};
		B9192B0629199D78002228F4 /* include */ = {
			isa = PBXGroup;
			children = (
				B9192B0729199D78002228F4 /* bgfx */,
			);
			path = include;
			sourceTree = "<group>";
		};
		B9192B0729199D78002228F4 /* bgfx */ = {
			isa = PBXGroup;
			children = (
				B9192B0829199D78002228F4 /* c99 */,
				B9192B0A29199D78002228F4 /* defines.h */,
				B9192B0B29199D78002228F4 /* bgfx.h */,
				B9192B0C29199D78002228F4 /* embedded_shader.h */,
				B9192B0D29199D78002228F4 /* platform.h */,
			);
			path = bgfx;
			sourceTree = "<group>";
		};
		B9192B0829199D78002228F4 /* c99 */ = {
			isa = PBXGroup;
			children = (
				B9192B0929199D78002228F4 /* bgfx.h */,
			);
			path = c99;
			sourceTree = "<group>";
		};
		B9192B0E29199D78002228F4 /* src */ = {
			isa = PBXGroup;
			children = (
				B9192B3B29199D78002228F4 /* bgfx.cpp */,
				B9192B5929199D78002228F4 /* debug_renderdoc.cpp */,
				B9192B2329199D78002228F4 /* glcontext_egl.cpp */,
				B9192B2029199D78002228F4 /* glcontext_glx.cpp */,
				B9192B4229199D78002228F4 /* glcontext_html5.cpp */,
				B9192B4E29199D78002228F4 /* glcontext_wgl.cpp */,
				B9192B1A29199D78002228F4 /* nvapi.cpp */,
				B9192B1D29199D78002228F4 /* renderer_agc.cpp */,
				B9DC89C5291A871C009AEC86 /* renderer_d3d9.cpp */,
				B9DC89C0291A871C009AEC86 /* renderer_d3d11.cpp */,
				B9DC89C2291A871C009AEC86 /* renderer_d3d12.cpp */,
				B9192B6429199D78002228F4 /* renderer_gl.cpp */,
				B9192B2A29199D78002228F4 /* renderer_gnm.cpp */,
				B9192B5D29199D78002228F4 /* renderer_noop.cpp */,
				B9192B6229199D78002228F4 /* renderer_nvn.cpp */,
				B9192B2429199D78002228F4 /* renderer_vk.cpp */,
				B9192B3429199D78002228F4 /* renderer_webgpu.cpp */,
				B9D17853291A8CD800F2D1C7 /* shader_dx9bc.cpp */,
				B9D17854291A8CD800F2D1C7 /* shader_dxbc.cpp */,
				B9192B2C29199D78002228F4 /* shader_spirv.cpp */,
				B9192B3729199D78002228F4 /* shader.cpp */,
				B9192B5229199D78002228F4 /* topology.cpp */,
				B9192B1F29199D78002228F4 /* vertexlayout.cpp */,
				B9192B4929199D78002228F4 /* bgfx_p.h */,
				B9192B2D29199D78002228F4 /* charset.h */,
				B9192B2229199D78002228F4 /* config.h */,
				B9192B4029199D78002228F4 /* debug_renderdoc.h */,
				B9192B3529199D78002228F4 /* emscripten.h */,
				B9192B3929199D78002228F4 /* fs_clear0.bin.h */,
				B9192B5129199D78002228F4 /* fs_clear1.bin.h */,
				B9192B4129199D78002228F4 /* fs_clear2.bin.h */,
				B9192B4C29199D78002228F4 /* fs_clear3.bin.h */,
				B9192B4729199D78002228F4 /* fs_clear4.bin.h */,
				B9192B5B29199D78002228F4 /* fs_clear5.bin.h */,
				B9192B4329199D78002228F4 /* fs_clear6.bin.h */,
				B9192B5F29199D78002228F4 /* fs_clear7.bin.h */,
				B9192B1429199D78002228F4 /* fs_debugfont.bin.h */,
				B9192B3A29199D78002228F4 /* glcontext_eagl.h */,
				B9192B4429199D78002228F4 /* glcontext_egl.h */,
				B9192B3629199D78002228F4 /* glcontext_glx.h */,
				B9192B3829199D78002228F4 /* glcontext_html5.h */,
				B9192B4D29199D78002228F4 /* glcontext_nsgl.h */,
				B9192B3D29199D78002228F4 /* glcontext_wgl.h */,
				B9192B3229199D78002228F4 /* glimports.h */,
				B9192B4629199D78002228F4 /* nvapi.h */,
				B9DC89C6291A871C009AEC86 /* renderer_d3d.h */,
				B9DC89C3291A871C009AEC86 /* renderer_d3d9.h */,
				B9DC89C1291A871C009AEC86 /* renderer_d3d11.h */,
				B9DC89C4291A871C009AEC86 /* renderer_d3d12.h */,
				B9192B1229199D78002228F4 /* renderer_gl.h */,
				B9192B2629199D78002228F4 /* renderer_mtl.h */,
				B9192B5C29199D78002228F4 /* renderer_vk.h */,
				B9192B1B29199D78002228F4 /* renderer_webgpu.h */,
				B9192B2E29199D78002228F4 /* renderer.h */,
				B9D17856291A8CD800F2D1C7 /* shader_dx9bc.h */,
				B9D17855291A8CD800F2D1C7 /* shader_dxbc.h */,
				B9192B5529199D78002228F4 /* shader_spirv.h */,
				B9192B1829199D78002228F4 /* shader.h */,
				B9192B4F29199D78002228F4 /* topology.h */,
				B9192B1729199D78002228F4 /* version.h */,
				B9192B5829199D78002228F4 /* vertexlayout.h */,
				B9192B4829199D78002228F4 /* vs_clear.bin.h */,
				B9192B1C29199D78002228F4 /* vs_debugfont.bin.h */,
				B9192B5429199D78002228F4 /* bgfx.idl.inl */,
				B9192B1629199D78002228F4 /* glcontext_eagl.mm */,
				B9192B5E29199D78002228F4 /* glcontext_nsgl.mm */,
				B9192B3C29199D78002228F4 /* renderer_mtl.mm */,
				B9192B5629199D78002228F4 /* fs_clear0.sc */,
				B9192B5029199D78002228F4 /* fs_clear1.sc */,
				B9192B2129199D78002228F4 /* fs_clear2.sc */,
				B9192B1129199D78002228F4 /* fs_clear3.sc */,
				B9192B6329199D78002228F4 /* fs_clear4.sc */,
				B9192B4B29199D78002228F4 /* fs_clear5.sc */,
				B9192B1929199D78002228F4 /* fs_clear6.sc */,
				B9192B1529199D78002228F4 /* fs_clear7.sc */,
				B9192B3F29199D78002228F4 /* fs_debugfont.sc */,
				B9192B1E29199D78002228F4 /* varying.def.sc */,
				B9192B5A29199D78002228F4 /* vs_clear.sc */,
				B9192B3129199D78002228F4 /* vs_debugfont.sc */,
				B9192B2929199D78002228F4 /* bgfx_compute.sh */,
				B9192B4A29199D78002228F4 /* bgfx_shader.sh */,
			);
			path = src;
			sourceTree = "<group>";
		};
		CA4A659F36AC42ADBF19895F /* Products */ = {
			isa = PBXGroup;
			children = (
				02DC17D86E13606F771DC492 /* libbgfx.a */,
			);
			name = Products;
			sourceTree = "<group>";
		};
		E11336DD4D7513EBD6E2599D /* Projects */ = {
			isa = PBXGroup;
			children = (
				8FC129007B6A912FA400ADAE /* bx.xcodeproj */,
			);
			name = Projects;
			path = .;
			sourceTree = "<group>";
		};
/* End PBXGroup section */

/* Begin PBXNativeTarget section */
		A853C66B944DEFBD7DBA85CE /* bgfx */ = {
			isa = PBXNativeTarget;
			buildConfigurationList = D4D5FDB74046003109657AB9 /* Build configuration list for PBXNativeTarget "bgfx" */;
			buildPhases = (
				36820559A2F207D26B11825A /* Resources */,
				25B7B7719127BAEA5A463473 /* Sources */,
				4FEDBE12BB5DC18B847C3B14 /* Frameworks */,
			);
			buildRules = (
			);
			dependencies = (
				552CEF17C113DA0DCA01DC89 /* PBXTargetDependency */,
			);
			name = bgfx;
			productName = bgfx;
			productReference = 02DC17D86E13606F771DC492 /* libbgfx.a */;
			productType = "com.apple.product-type.library.static";
		};
/* End PBXNativeTarget section */

/* Begin PBXProject section */
		__RootObject_ /* Project object */ = {
			isa = PBXProject;
			attributes = {
				LastUpgradeCheck = 1410;
			};
			buildConfigurationList = 1DEB928908733DD80010E9CD /* Build configuration list for PBXProject "bgfx" */;
			compatibilityVersion = "Xcode 8.0";
			developmentRegion = en;
			hasScannedForEncodings = 1;
			knownRegions = (
				en,
				Base,
			);
			mainGroup = 96F61A2A02B79660CBF1DFDD /* bgfx */;
			projectDirPath = "";
			projectReferences = (
				{
					ProductGroup = 69D98AD8D5C075CEDEAE774A /* Products */;
					ProjectRef = 8FC129007B6A912FA400ADAE /* bx.xcodeproj */;
				},
			);
			projectRoot = "";
			targets = (
				A853C66B944DEFBD7DBA85CE /* bgfx */,
			);
		};
/* End PBXProject section */

/* Begin PBXReferenceProxy section */
		A53F8E4891528EA13A3C6B8E /* libbx.a */ = {
			isa = PBXReferenceProxy;
			fileType = archive.ar;
			path = libbx.a;
			remoteRef = 8A20061A76F54DCD9FA48DC9 /* PBXContainerItemProxy */;
			sourceTree = BUILT_PRODUCTS_DIR;
		};
/* End PBXReferenceProxy section */

/* Begin PBXResourcesBuildPhase section */
		36820559A2F207D26B11825A /* Resources */ = {
			isa = PBXResourcesBuildPhase;
			buildActionMask = 2147483647;
			files = (
			);
			runOnlyForDeploymentPostprocessing = 0;
		};
/* End PBXResourcesBuildPhase section */

/* Begin PBXSourcesBuildPhase section */
		25B7B7719127BAEA5A463473 /* Sources */ = {
			isa = PBXSourcesBuildPhase;
			buildActionMask = 2147483647;
			files = (
				B9192B8C29199D78002228F4 /* renderer_noop.cpp in Sources */,
				B9192B7229199D78002228F4 /* renderer_vk.cpp in Sources */,
				B9192B6B29199D78002228F4 /* nvapi.cpp in Sources */,
				B9192B7129199D78002228F4 /* glcontext_egl.cpp in Sources */,
				B98816C1291A8D28001EEB9B /* shader_dx9bc.cpp in Sources */,
				B9D17851291A8C0A00F2D1C7 /* renderer_d3d11.cpp in Sources */,
				B9192B8D29199D78002228F4 /* glcontext_nsgl.mm in Sources */,
				B9192B6F29199D78002228F4 /* glcontext_glx.cpp in Sources */,
				B9192B9129199D78002228F4 /* renderer_gl.cpp in Sources */,
				B9192B8429199D78002228F4 /* glcontext_wgl.cpp in Sources */,
				B9192B8629199D78002228F4 /* topology.cpp in Sources */,
				B9192B7829199D78002228F4 /* shader_spirv.cpp in Sources */,
				B9192B6C29199D78002228F4 /* renderer_agc.cpp in Sources */,
				B9192B6E29199D78002228F4 /* vertexlayout.cpp in Sources */,
				B9192B8129199D78002228F4 /* glcontext_html5.cpp in Sources */,
				B9192B7729199D78002228F4 /* renderer_gnm.cpp in Sources */,
				B9192B8F29199D78002228F4 /* renderer_nvn.cpp in Sources */,
				B9DC89C7291A8746009AEC86 /* renderer_d3d12.cpp in Sources */,
				B9192B7D29199D78002228F4 /* shader.cpp in Sources */,
				B9192B7E29199D78002228F4 /* bgfx.cpp in Sources */,
				B9192B7F29199D78002228F4 /* renderer_mtl.mm in Sources */,
				B98816C2291A8D2F001EEB9B /* shader_dxbc.cpp in Sources */,
				B9D17852291A8C1100F2D1C7 /* renderer_d3d9.cpp in Sources */,
				B9192B7C29199D78002228F4 /* renderer_webgpu.cpp in Sources */,
				B9192B8A29199D78002228F4 /* debug_renderdoc.cpp in Sources */,
				B9192B6929199D78002228F4 /* glcontext_eagl.mm in Sources */,
			);
			runOnlyForDeploymentPostprocessing = 0;
		};
/* End PBXSourcesBuildPhase section */

/* Begin PBXTargetDependency section */
		552CEF17C113DA0DCA01DC89 /* PBXTargetDependency */ = {
			isa = PBXTargetDependency;
			name = libbxDebug.a;
			targetProxy = E458C0E5D02D0899F9DC4795 /* PBXContainerItemProxy */;
		};
/* End PBXTargetDependency section */

/* Begin XCBuildConfiguration section */
		38073A59A4EA4899ADED76D5 /* Debug */ = {
			isa = XCBuildConfiguration;
			buildSettings = {
				ALWAYS_SEARCH_USER_PATHS = NO;
				CLANG_ENABLE_OBJC_WEAK = YES;
				GCC_MODEL_TUNING = G5;
				PRODUCT_NAME = bgfx;
			};
			name = Debug;
		};
		4849EC773404DC23DDBB546E /* Debug */ = {
			isa = XCBuildConfiguration;
			buildSettings = {
				CLANG_CXX_LANGUAGE_STANDARD = "c++14";
				CONFIGURATION_BUILD_DIR = "$(SYMROOT)";
				COPY_PHASE_STRIP = NO;
				DEAD_CODE_STRIPPING = YES;
				ENABLE_STRICT_OBJC_MSGSEND = YES;
				EXCLUDED_SOURCE_FILE_NAMES = (
					"*/src/amalgamated.cpp",
					"*/src/amalgamated.mm",
				);
				GCC_ENABLE_CPP_EXCEPTIONS = NO;
				GCC_ENABLE_CPP_RTTI = NO;
				GCC_ENABLE_OBJC_EXCEPTIONS = NO;
				GCC_NO_COMMON_BLOCKS = YES;
				GCC_OPTIMIZATION_LEVEL = 0;
				GCC_PREPROCESSOR_DEFINITIONS = (
					__STDC_LIMIT_MACROS,
					__STDC_FORMAT_MACROS,
					__STDC_CONSTANT_MACROS,
					"_LIB=1",
					_DEBUG,
					"BX_CONFIG_DEBUG=1",
					"BGFX_CONFIG_USE_TINYSTL=0",
					"BGFX_CONFIG_RENDERER_METAL=1",
				);
				HEADER_SEARCH_PATHS = (
					../../external/bx/include/compat/osx,
					../../external/bx/include,
					../../external/bimg/include,
					../../external/khronos,
					../../external/bgfx/include,
					../../external,
				);
				MACOSX_DEPLOYMENT_TARGET = 10.15;
				ONLY_ACTIVE_ARCH = YES;
				OTHER_CFLAGS = (
					"-ffast-math",
					"-fomit-frame-pointer",
					"-Wshadow",
					"-Wfatal-errors",
					"-x",
					"objective-c++",
				);
				OTHER_CPLUSPLUSFLAGS = (
					"-ffast-math",
					"-fomit-frame-pointer",
					"-Wshadow",
					"-Wfatal-errors",
					"-x",
					"objective-c++",
					"-Wno-tautological-constant-compare",
					"-Wno-unguarded-availability-new",
				);
				OTHER_LDFLAGS = (
					"-framework",
					Cocoa,
					"-framework",
					IOKit,
					"-framework",
					OpenGL,
					"-framework",
					QuartzCore,
					"-weak_framework",
					Metal,
					"-weak_framework",
					MetalKit,
				);
				SDKROOT = macosx;
				STANDARD_C_PLUS_PLUS_LIBRARY_TYPE = static;
				SYMROOT = ../../artifacts;
			};
			name = Debug;
		};
		722C34C6DE9A894527844445 /* Release */ = {
			isa = XCBuildConfiguration;
			buildSettings = {
				ALWAYS_SEARCH_USER_PATHS = NO;
				CLANG_ENABLE_OBJC_WEAK = YES;
				GCC_MODEL_TUNING = G5;
				PRODUCT_NAME = bgfx;
			};
			name = Release;
		};
		838597066FAB616D58F1E638 /* Release */ = {
			isa = XCBuildConfiguration;
			buildSettings = {
				CLANG_CXX_LANGUAGE_STANDARD = "c++14";
				CONFIGURATION_BUILD_DIR = "$(SYMROOT)";
				COPY_PHASE_STRIP = NO;
				DEAD_CODE_STRIPPING = YES;
				ENABLE_STRICT_OBJC_MSGSEND = YES;
				EXCLUDED_SOURCE_FILE_NAMES = (
					"*/src/amalgamated.cpp",
					"*/src/amalgamated.mm",
				);
				GCC_ENABLE_CPP_EXCEPTIONS = NO;
				GCC_ENABLE_CPP_RTTI = NO;
				GCC_ENABLE_OBJC_EXCEPTIONS = NO;
				GCC_NO_COMMON_BLOCKS = YES;
				GCC_OPTIMIZATION_LEVEL = 3;
				GCC_PREPROCESSOR_DEFINITIONS = (
					__STDC_LIMIT_MACROS,
					__STDC_FORMAT_MACROS,
					__STDC_CONSTANT_MACROS,
					NDEBUG,
					"BX_CONFIG_DEBUG=0",
					"BGFX_CONFIG_USE_TINYSTL=0",
					"_LIB=1",
					"BGFX_CONFIG_RENDERER_METAL=1",
				);
				HEADER_SEARCH_PATHS = (
					../../external/bx/include/compat/osx,
					../../external/bx/include,
					../../external/bimg/include,
					../../external/khronos,
					../../external/bgfx/include,
					../../external,
				);
				MACOSX_DEPLOYMENT_TARGET = 10.15;
				ONLY_ACTIVE_ARCH = YES;
				OTHER_CFLAGS = (
					"-ffast-math",
					"-fomit-frame-pointer",
					"-Wshadow",
					"-Wfatal-errors",
					"-x",
					"objective-c++",
				);
				OTHER_CPLUSPLUSFLAGS = (
					"-ffast-math",
					"-fomit-frame-pointer",
					"-Wshadow",
					"-Wfatal-errors",
					"-x",
					"objective-c++",
					"-Wno-tautological-constant-compare",
					"-Wno-unguarded-availability-new",
				);
				OTHER_LDFLAGS = (
					"-framework",
					Cocoa,
					"-framework",
					IOKit,
					"-framework",
					OpenGL,
					"-framework",
					QuartzCore,
					"-weak_framework",
					Metal,
					"-weak_framework",
					MetalKit,
				);
				SDKROOT = macosx;
				STANDARD_C_PLUS_PLUS_LIBRARY_TYPE = static;
				SYMROOT = ../../artifacts;
			};
			name = Release;
		};
/* End XCBuildConfiguration section */

/* Begin XCConfigurationList section */
		1DEB928908733DD80010E9CD /* Build configuration list for PBXProject "bgfx" */ = {
			isa = XCConfigurationList;
			buildConfigurations = (
				4849EC773404DC23DDBB546E /* Debug */,
				838597066FAB616D58F1E638 /* Release */,
			);
			defaultConfigurationIsVisible = 0;
			defaultConfigurationName = Debug;
		};
		D4D5FDB74046003109657AB9 /* Build configuration list for PBXNativeTarget "bgfx" */ = {
			isa = XCConfigurationList;
			buildConfigurations = (
				38073A59A4EA4899ADED76D5 /* Debug */,
				722C34C6DE9A894527844445 /* Release */,
			);
			defaultConfigurationIsVisible = 0;
			defaultConfigurationName = Debug;
		};
/* End XCConfigurationList section */
	};
	rootObject = __RootObject_ /* Project object */;
}
